// !$*UTF8*$!
{
	archiveVersion = 1;
	classes = {
	};
	objectVersion = 50;
	objects = {

/* Begin PBXBuildFile section */
		3A91DC9D8F69BF081DDE2E2A /* Pods_HalanxTests.framework in Frameworks */ = {isa = PBXBuildFile; fileRef = 713204E72456C4C051E4F379 /* Pods_HalanxTests.framework */; };
		B3D9F1CE113E784966679BA3 /* Pods_Halanx.framework in Frameworks */ = {isa = PBXBuildFile; fileRef = 8127EA82161B0E8BBB25C94C /* Pods_Halanx.framework */; };
		C507363B21260F70003886DD /* MarketTableViewCell.swift in Sources */ = {isa = PBXBuildFile; fileRef = C507363921260F70003886DD /* MarketTableViewCell.swift */; };
		C507363C21260F70003886DD /* MarketTableViewCell.xib in Resources */ = {isa = PBXBuildFile; fileRef = C507363A21260F70003886DD /* MarketTableViewCell.xib */; };
		C507364021260FDC003886DD /* MarketCollectionViewCell.swift in Sources */ = {isa = PBXBuildFile; fileRef = C507363E21260FDC003886DD /* MarketCollectionViewCell.swift */; };
		C507364121260FDC003886DD /* MarketCollectionViewCell.xib in Resources */ = {isa = PBXBuildFile; fileRef = C507363F21260FDC003886DD /* MarketCollectionViewCell.xib */; };
		C507364C21261FF2003886DD /* HeaderTableViewCell.swift in Sources */ = {isa = PBXBuildFile; fileRef = C507364B21261FF2003886DD /* HeaderTableViewCell.swift */; };
		C507364F212632A8003886DD /* HNViewAllMarketViewController.swift in Sources */ = {isa = PBXBuildFile; fileRef = C507364E212632A8003886DD /* HNViewAllMarketViewController.swift */; };
		C50D094F2128ED060008846C /* AboutTableViewCell.swift in Sources */ = {isa = PBXBuildFile; fileRef = C50D094D2128ED060008846C /* AboutTableViewCell.swift */; };
		C50D09502128ED060008846C /* AboutTableViewCell.xib in Resources */ = {isa = PBXBuildFile; fileRef = C50D094E2128ED060008846C /* AboutTableViewCell.xib */; };
		C50D09532128F1B50008846C /* AddressTableViewCell.swift in Sources */ = {isa = PBXBuildFile; fileRef = C50D09512128F1B50008846C /* AddressTableViewCell.swift */; };
		C50D09542128F1B50008846C /* AddressTableViewCell.xib in Resources */ = {isa = PBXBuildFile; fileRef = C50D09522128F1B50008846C /* AddressTableViewCell.xib */; };
		C50D09572128F37E0008846C /* VouchersTableViewCell.swift in Sources */ = {isa = PBXBuildFile; fileRef = C50D09552128F37E0008846C /* VouchersTableViewCell.swift */; };
		C50D09582128F37E0008846C /* VouchersTableViewCell.xib in Resources */ = {isa = PBXBuildFile; fileRef = C50D09562128F37E0008846C /* VouchersTableViewCell.xib */; };
		C50D095C212915FF0008846C /* ClaimTableViewCell.swift in Sources */ = {isa = PBXBuildFile; fileRef = C50D095B212915FF0008846C /* ClaimTableViewCell.swift */; };
		C51190302128036D009BDEA0 /* ViewAllCollectionViewCell.swift in Sources */ = {isa = PBXBuildFile; fileRef = C511902E2128036D009BDEA0 /* ViewAllCollectionViewCell.swift */; };
		C51190312128036D009BDEA0 /* ViewAllCollectionViewCell.xib in Resources */ = {isa = PBXBuildFile; fileRef = C511902F2128036D009BDEA0 /* ViewAllCollectionViewCell.xib */; };
		C5119038212825F4009BDEA0 /* HNMarketDetailViewController.swift in Sources */ = {isa = PBXBuildFile; fileRef = C5119037212825F4009BDEA0 /* HNMarketDetailViewController.swift */; };
		C5144570212F5A8400C0C768 /* SettingShareTableViewCell.swift in Sources */ = {isa = PBXBuildFile; fileRef = C514456F212F5A8400C0C768 /* SettingShareTableViewCell.swift */; };
		C51445772130412900C0C768 /* OrderVoucherTableViewCell.swift in Sources */ = {isa = PBXBuildFile; fileRef = C51445752130412900C0C768 /* OrderVoucherTableViewCell.swift */; };
		C51445782130412900C0C768 /* OrderVoucherTableViewCell.xib in Resources */ = {isa = PBXBuildFile; fileRef = C51445762130412900C0C768 /* OrderVoucherTableViewCell.xib */; };
		C514457A21305CF400C0C768 /* HNHCashViewController.swift in Sources */ = {isa = PBXBuildFile; fileRef = C514457921305CF400C0C768 /* HNHCashViewController.swift */; };
		C514457F21305EF700C0C768 /* HNPastOrderViewController.swift in Sources */ = {isa = PBXBuildFile; fileRef = C514457E21305EF700C0C768 /* HNPastOrderViewController.swift */; };
		C514458121305F1100C0C768 /* HNOnGoingOrderViewController.swift in Sources */ = {isa = PBXBuildFile; fileRef = C514458021305F1100C0C768 /* HNOnGoingOrderViewController.swift */; };
		C514458321305F2C00C0C768 /* HNOrderViewController.swift in Sources */ = {isa = PBXBuildFile; fileRef = C514458221305F2C00C0C768 /* HNOrderViewController.swift */; };
		C514458521305F9B00C0C768 /* OrderTableView.swift in Sources */ = {isa = PBXBuildFile; fileRef = C514458421305F9B00C0C768 /* OrderTableView.swift */; };
		C5207BB02131C975000A4736 /* StatementTableViewCell.swift in Sources */ = {isa = PBXBuildFile; fileRef = C5207BAE2131C975000A4736 /* StatementTableViewCell.swift */; };
		C5207BB12131C975000A4736 /* StatementTableViewCell.xib in Resources */ = {isa = PBXBuildFile; fileRef = C5207BAF2131C975000A4736 /* StatementTableViewCell.xib */; };
		C534290421268FE600D9405C /* Market.storyboard in Resources */ = {isa = PBXBuildFile; fileRef = C534290321268FE600D9405C /* Market.storyboard */; };
		C5342906212691D600D9405C /* HNSettingViewController.swift in Sources */ = {isa = PBXBuildFile; fileRef = C5342905212691D600D9405C /* HNSettingViewController.swift */; };
		C53429082126967200D9405C /* Payment.storyboard in Resources */ = {isa = PBXBuildFile; fileRef = C53429072126967200D9405C /* Payment.storyboard */; };
		C534290B2126DF5100D9405C /* SwitchTableViewCell.swift in Sources */ = {isa = PBXBuildFile; fileRef = C534290A2126DF5100D9405C /* SwitchTableViewCell.swift */; };
		C5450EE221316D0E007E59C0 /* HNRegisterViewController.swift in Sources */ = {isa = PBXBuildFile; fileRef = C5450EE121316D0E007E59C0 /* HNRegisterViewController.swift */; };
		C5450EE521316D45007E59C0 /* HNCommentViewController.swift in Sources */ = {isa = PBXBuildFile; fileRef = C5450EE421316D45007E59C0 /* HNCommentViewController.swift */; };
		C5450EE92131BC86007E59C0 /* CommentTableViewCell.swift in Sources */ = {isa = PBXBuildFile; fileRef = C5450EE72131BC86007E59C0 /* CommentTableViewCell.swift */; };
		C5450EEA2131BC86007E59C0 /* CommentTableViewCell.xib in Resources */ = {isa = PBXBuildFile; fileRef = C5450EE82131BC86007E59C0 /* CommentTableViewCell.xib */; };
		C54FB62E213C678800286E27 /* AlamofireRequestManager.swift in Sources */ = {isa = PBXBuildFile; fileRef = C54FB62D213C678800286E27 /* AlamofireRequestManager.swift */; };
		C54FB630213C67DA00286E27 /* RequestGenerator.swift in Sources */ = {isa = PBXBuildFile; fileRef = C54FB62F213C67DA00286E27 /* RequestGenerator.swift */; };
		C54FB636213C6FD300286E27 /* HNLoginWebService.swift in Sources */ = {isa = PBXBuildFile; fileRef = C54FB635213C6FD300286E27 /* HNLoginWebService.swift */; };
		C550666D2131F1FC0039B76D /* IntroImageCollectionViewCell.swift in Sources */ = {isa = PBXBuildFile; fileRef = C550666C2131F1FC0039B76D /* IntroImageCollectionViewCell.swift */; };
		C57576B1212C5803009ED826 /* HNClaimViewController.swift in Sources */ = {isa = PBXBuildFile; fileRef = C57576B0212C5803009ED826 /* HNClaimViewController.swift */; };
		C57576B4212C6C42009ED826 /* HNCartViewController.swift in Sources */ = {isa = PBXBuildFile; fileRef = C57576B3212C6C42009ED826 /* HNCartViewController.swift */; };
		C57576B7212C7335009ED826 /* HNPaymentOptionsViewController.swift in Sources */ = {isa = PBXBuildFile; fileRef = C57576B6212C7335009ED826 /* HNPaymentOptionsViewController.swift */; };
		C57576BA212C7AE1009ED826 /* HNUserProfileViewController.swift in Sources */ = {isa = PBXBuildFile; fileRef = C57576B9212C7AE1009ED826 /* HNUserProfileViewController.swift */; };
		C57576BE212C8184009ED826 /* PhotoCollectionViewCell.swift in Sources */ = {isa = PBXBuildFile; fileRef = C57576BC212C8184009ED826 /* PhotoCollectionViewCell.swift */; };
		C57576BF212C8184009ED826 /* PhotoCollectionViewCell.xib in Resources */ = {isa = PBXBuildFile; fileRef = C57576BD212C8184009ED826 /* PhotoCollectionViewCell.xib */; };
		C57576C3212C86E3009ED826 /* PhotoTableViewCell.swift in Sources */ = {isa = PBXBuildFile; fileRef = C57576C1212C86E3009ED826 /* PhotoTableViewCell.swift */; };
		C57576C4212C86E3009ED826 /* PhotoTableViewCell.xib in Resources */ = {isa = PBXBuildFile; fileRef = C57576C2212C86E3009ED826 /* PhotoTableViewCell.xib */; };
		C5807B6E2124A66B002AB7F3 /* Feed.storyboard in Resources */ = {isa = PBXBuildFile; fileRef = C5807B6D2124A66B002AB7F3 /* Feed.storyboard */; };
		C5807B712124A935002AB7F3 /* HNInterestViewController.swift in Sources */ = {isa = PBXBuildFile; fileRef = C5807B702124A935002AB7F3 /* HNInterestViewController.swift */; };
		C5807B762124AA83002AB7F3 /* InterestCollectionViewCell.swift in Sources */ = {isa = PBXBuildFile; fileRef = C5807B742124AA83002AB7F3 /* InterestCollectionViewCell.swift */; };
		C5807B772124AA83002AB7F3 /* InterestCollectionViewCell.xib in Resources */ = {isa = PBXBuildFile; fileRef = C5807B752124AA83002AB7F3 /* InterestCollectionViewCell.xib */; };
		C5807B7A2124BAD8002AB7F3 /* HNNeighbourViewController.swift in Sources */ = {isa = PBXBuildFile; fileRef = C5807B792124BAD8002AB7F3 /* HNNeighbourViewController.swift */; };
		C5807B802125DD7C002AB7F3 /* HNEditProfileViewController.swift in Sources */ = {isa = PBXBuildFile; fileRef = C5807B7F2125DD7C002AB7F3 /* HNEditProfileViewController.swift */; };
		C5807B842125E0B4002AB7F3 /* NeighbourTableViewCell.swift in Sources */ = {isa = PBXBuildFile; fileRef = C5807B822125E0B4002AB7F3 /* NeighbourTableViewCell.swift */; };
		C5807B852125E0B4002AB7F3 /* NeighbourTableViewCell.xib in Resources */ = {isa = PBXBuildFile; fileRef = C5807B832125E0B4002AB7F3 /* NeighbourTableViewCell.xib */; };
		C5B5E5F7212CCA5C006318FA /* UserInfoTableViewCell.swift in Sources */ = {isa = PBXBuildFile; fileRef = C5B5E5F5212CCA5C006318FA /* UserInfoTableViewCell.swift */; };
		C5B5E5F8212CCA5C006318FA /* UserInfoTableViewCell.xib in Resources */ = {isa = PBXBuildFile; fileRef = C5B5E5F6212CCA5C006318FA /* UserInfoTableViewCell.xib */; };
		C5B5E5FC212CDB27006318FA /* PeopleLikeTableViewCell.swift in Sources */ = {isa = PBXBuildFile; fileRef = C5B5E5FA212CDB27006318FA /* PeopleLikeTableViewCell.swift */; };
		C5B5E5FD212CDB27006318FA /* PeopleLikeTableViewCell.xib in Resources */ = {isa = PBXBuildFile; fileRef = C5B5E5FB212CDB27006318FA /* PeopleLikeTableViewCell.xib */; };
		C5B5E600212CEDC0006318FA /* HNEducationDetailViewController.swift in Sources */ = {isa = PBXBuildFile; fileRef = C5B5E5FF212CEDC0006318FA /* HNEducationDetailViewController.swift */; };
		C5B5E603212CF0E3006318FA /* HNWorkDetailViewController.swift in Sources */ = {isa = PBXBuildFile; fileRef = C5B5E602212CF0E3006318FA /* HNWorkDetailViewController.swift */; };
		C5B5E605212CF76E006318FA /* Assets.xcassets in Resources */ = {isa = PBXBuildFile; fileRef = C5B5E604212CF76D006318FA /* Assets.xcassets */; };
		C5C02DA42118A27600CC60FA /* AppDelegate.swift in Sources */ = {isa = PBXBuildFile; fileRef = C5C02DA32118A27600CC60FA /* AppDelegate.swift */; };
		C5C02DA92118A27600CC60FA /* Main.storyboard in Resources */ = {isa = PBXBuildFile; fileRef = C5C02DA72118A27600CC60FA /* Main.storyboard */; };
		C5C02DB12118A27700CC60FA /* LaunchScreen.storyboard in Resources */ = {isa = PBXBuildFile; fileRef = C5C02DAF2118A27700CC60FA /* LaunchScreen.storyboard */; };
		C5C02DBC2118A27700CC60FA /* HalanxTests.swift in Sources */ = {isa = PBXBuildFile; fileRef = C5C02DBB2118A27700CC60FA /* HalanxTests.swift */; };
		C5C02DC72118A27700CC60FA /* HalanxUITests.swift in Sources */ = {isa = PBXBuildFile; fileRef = C5C02DC62118A27700CC60FA /* HalanxUITests.swift */; };
		C5C02DF02118B4F100CC60FA /* HNDesignableUIImage.swift in Sources */ = {isa = PBXBuildFile; fileRef = C5C02DEF2118B4F100CC60FA /* HNDesignableUIImage.swift */; };
		C5C02DF22118B52700CC60FA /* HNAppStoryboard.swift in Sources */ = {isa = PBXBuildFile; fileRef = C5C02DF12118B52700CC60FA /* HNAppStoryboard.swift */; };
		C5C02DF42118B53400CC60FA /* HNUtility.swift in Sources */ = {isa = PBXBuildFile; fileRef = C5C02DF32118B53400CC60FA /* HNUtility.swift */; };
		C5C02DF62118B56A00CC60FA /* HNMainTabViewController.swift in Sources */ = {isa = PBXBuildFile; fileRef = C5C02DF52118B56A00CC60FA /* HNMainTabViewController.swift */; };
		C5C02DF82118B58D00CC60FA /* HNLoginViewController.swift in Sources */ = {isa = PBXBuildFile; fileRef = C5C02DF72118B58D00CC60FA /* HNLoginViewController.swift */; };
		C5C02DFF2118B74600CC60FA /* HNConstants.swift in Sources */ = {isa = PBXBuildFile; fileRef = C5C02DFE2118B74600CC60FA /* HNConstants.swift */; };
		C5C02E042118B8AF00CC60FA /* MBProgressHUD.m in Sources */ = {isa = PBXBuildFile; fileRef = C5C02E032118B8AF00CC60FA /* MBProgressHUD.m */; };
		C5C02E0A2118C7EC00CC60FA /* Reachability.m in Sources */ = {isa = PBXBuildFile; fileRef = C5C02E092118C7EC00CC60FA /* Reachability.m */; };
		C5C02E1C2118CA7F00CC60FA /* HNFeedViewController.swift in Sources */ = {isa = PBXBuildFile; fileRef = C5C02E1B2118CA7F00CC60FA /* HNFeedViewController.swift */; };
		C5C02E1E2118CA9D00CC60FA /* HNPollViewController.swift in Sources */ = {isa = PBXBuildFile; fileRef = C5C02E1D2118CA9D00CC60FA /* HNPollViewController.swift */; };
		C5C02E202118CAB600CC60FA /* HNMarketPlaceViewController.swift in Sources */ = {isa = PBXBuildFile; fileRef = C5C02E1F2118CAB600CC60FA /* HNMarketPlaceViewController.swift */; };
		C5C02E222118CACA00CC60FA /* HNMessagingViewController.swift in Sources */ = {isa = PBXBuildFile; fileRef = C5C02E212118CACA00CC60FA /* HNMessagingViewController.swift */; };
		C5C02E242118CADB00CC60FA /* HNMeViewController.swift in Sources */ = {isa = PBXBuildFile; fileRef = C5C02E232118CADB00CC60FA /* HNMeViewController.swift */; };
		C5C02E262118CE3E00CC60FA /* StringExtension.swift in Sources */ = {isa = PBXBuildFile; fileRef = C5C02E252118CE3E00CC60FA /* StringExtension.swift */; };
		C5C02E282118CF9500CC60FA /* ViewControllerExtension.swift in Sources */ = {isa = PBXBuildFile; fileRef = C5C02E272118CF9500CC60FA /* ViewControllerExtension.swift */; };
		C5D9D7352123ECD80009AF65 /* FBManager.swift in Sources */ = {isa = PBXBuildFile; fileRef = C5D9D7342123ECD80009AF65 /* FBManager.swift */; };
		C5D9D7402123F6600009AF65 /* Chat.storyboard in Resources */ = {isa = PBXBuildFile; fileRef = C5D9D73F2123F6600009AF65 /* Chat.storyboard */; };
		C5E6BE2B2124307C00519CA4 /* HNCreatePostViewController.swift in Sources */ = {isa = PBXBuildFile; fileRef = C5E6BE2A2124307C00519CA4 /* HNCreatePostViewController.swift */; };
		C5E6BE2E2124421700519CA4 /* HNMapViewController.swift in Sources */ = {isa = PBXBuildFile; fileRef = C5E6BE2D2124421700519CA4 /* HNMapViewController.swift */; };
		C5E6BE322124586000519CA4 /* HNNotificationViewController.swift in Sources */ = {isa = PBXBuildFile; fileRef = C5E6BE312124586000519CA4 /* HNNotificationViewController.swift */; };
		C5E6BE36212458F100519CA4 /* NotificationTableViewCell.swift in Sources */ = {isa = PBXBuildFile; fileRef = C5E6BE34212458F100519CA4 /* NotificationTableViewCell.swift */; };
		C5E6BE37212458F100519CA4 /* NotificationTableViewCell.xib in Resources */ = {isa = PBXBuildFile; fileRef = C5E6BE35212458F100519CA4 /* NotificationTableViewCell.xib */; };
		C5ED0768211CAC5C00BFB42C /* PostTableViewCell.swift in Sources */ = {isa = PBXBuildFile; fileRef = C5ED0766211CAC5C00BFB42C /* PostTableViewCell.swift */; };
		C5ED0769211CAC5C00BFB42C /* PostTableViewCell.xib in Resources */ = {isa = PBXBuildFile; fileRef = C5ED0767211CAC5C00BFB42C /* PostTableViewCell.xib */; };
		C5ED076D211CAC7500BFB42C /* NewsTableViewCell.swift in Sources */ = {isa = PBXBuildFile; fileRef = C5ED076B211CAC7500BFB42C /* NewsTableViewCell.swift */; };
		C5ED076E211CAC7500BFB42C /* NewsTableViewCell.xib in Resources */ = {isa = PBXBuildFile; fileRef = C5ED076C211CAC7500BFB42C /* NewsTableViewCell.xib */; };
		C5ED0772211CB3B300BFB42C /* HNDesignableButton.swift in Sources */ = {isa = PBXBuildFile; fileRef = C5ED0771211CB3B300BFB42C /* HNDesignableButton.swift */; };
		C5ED0776211CBFBE00BFB42C /* MessageTableViewCell.swift in Sources */ = {isa = PBXBuildFile; fileRef = C5ED0774211CBFBE00BFB42C /* MessageTableViewCell.swift */; };
		C5ED0777211CBFBE00BFB42C /* MessageTableViewCell.xib in Resources */ = {isa = PBXBuildFile; fileRef = C5ED0775211CBFBE00BFB42C /* MessageTableViewCell.xib */; };
		C5ED077A211CC58000BFB42C /* CellManager.swift in Sources */ = {isa = PBXBuildFile; fileRef = C5ED0779211CC58000BFB42C /* CellManager.swift */; };
		C5ED077E211CF88D00BFB42C /* PollTableViewCell.swift in Sources */ = {isa = PBXBuildFile; fileRef = C5ED077C211CF88D00BFB42C /* PollTableViewCell.swift */; };
		C5ED077F211CF88D00BFB42C /* PollTableViewCell.xib in Resources */ = {isa = PBXBuildFile; fileRef = C5ED077D211CF88D00BFB42C /* PollTableViewCell.xib */; };
		C5ED0781211CFAD900BFB42C /* HNDesignableTF.swift in Sources */ = {isa = PBXBuildFile; fileRef = C5ED0780211CFAD900BFB42C /* HNDesignableTF.swift */; };
		C5ED0784211D018600BFB42C /* HNOnboardingViewController.swift in Sources */ = {isa = PBXBuildFile; fileRef = C5ED0783211D018600BFB42C /* HNOnboardingViewController.swift */; };
		C5ED0788211D097200BFB42C /* iCarousel.m in Sources */ = {isa = PBXBuildFile; fileRef = C5ED0787211D097100BFB42C /* iCarousel.m */; };
		C5ED078A211D0F0A00BFB42C /* HNPasswordViewController.swift in Sources */ = {isa = PBXBuildFile; fileRef = C5ED0789211D0F0A00BFB42C /* HNPasswordViewController.swift */; };
		C5ED079E211D3BBA00BFB42C /* HNDesignableView.swift in Sources */ = {isa = PBXBuildFile; fileRef = C5ED079D211D3BBA00BFB42C /* HNDesignableView.swift */; };
		C5ED07A02120697700BFB42C /* HNUserDefaultManager.swift in Sources */ = {isa = PBXBuildFile; fileRef = C5ED079F2120697700BFB42C /* HNUserDefaultManager.swift */; };
		CC999A8B96092869986B58FC /* Pods_HalanxUITests.framework in Frameworks */ = {isa = PBXBuildFile; fileRef = 77BA8BE7D16584F586D7C16E /* Pods_HalanxUITests.framework */; };
/* End PBXBuildFile section */

/* Begin PBXContainerItemProxy section */
		C5C02DB82118A27700CC60FA /* PBXContainerItemProxy */ = {
			isa = PBXContainerItemProxy;
			containerPortal = C5C02D982118A27600CC60FA /* Project object */;
			proxyType = 1;
			remoteGlobalIDString = C5C02D9F2118A27600CC60FA;
			remoteInfo = Halanx;
		};
		C5C02DC32118A27700CC60FA /* PBXContainerItemProxy */ = {
			isa = PBXContainerItemProxy;
			containerPortal = C5C02D982118A27600CC60FA /* Project object */;
			proxyType = 1;
			remoteGlobalIDString = C5C02D9F2118A27600CC60FA;
			remoteInfo = Halanx;
		};
/* End PBXContainerItemProxy section */

/* Begin PBXFileReference section */
		121757CFFA6D141051C7345A /* Pods-HalanxTests.release.xcconfig */ = {isa = PBXFileReference; includeInIndex = 1; lastKnownFileType = text.xcconfig; name = "Pods-HalanxTests.release.xcconfig"; path = "Pods/Target Support Files/Pods-HalanxTests/Pods-HalanxTests.release.xcconfig"; sourceTree = "<group>"; };
		21887E8D9235B3E570028D3D /* Pods-HalanxTests.debug.xcconfig */ = {isa = PBXFileReference; includeInIndex = 1; lastKnownFileType = text.xcconfig; name = "Pods-HalanxTests.debug.xcconfig"; path = "Pods/Target Support Files/Pods-HalanxTests/Pods-HalanxTests.debug.xcconfig"; sourceTree = "<group>"; };
		54182CE617A07489CEB87A48 /* Pods-HalanxUITests.debug.xcconfig */ = {isa = PBXFileReference; includeInIndex = 1; lastKnownFileType = text.xcconfig; name = "Pods-HalanxUITests.debug.xcconfig"; path = "Pods/Target Support Files/Pods-HalanxUITests/Pods-HalanxUITests.debug.xcconfig"; sourceTree = "<group>"; };
		5F93C02A472707DB7C11EFEC /* Pods-Halanx.debug.xcconfig */ = {isa = PBXFileReference; includeInIndex = 1; lastKnownFileType = text.xcconfig; name = "Pods-Halanx.debug.xcconfig"; path = "Pods/Target Support Files/Pods-Halanx/Pods-Halanx.debug.xcconfig"; sourceTree = "<group>"; };
		713204E72456C4C051E4F379 /* Pods_HalanxTests.framework */ = {isa = PBXFileReference; explicitFileType = wrapper.framework; includeInIndex = 0; path = Pods_HalanxTests.framework; sourceTree = BUILT_PRODUCTS_DIR; };
		77BA8BE7D16584F586D7C16E /* Pods_HalanxUITests.framework */ = {isa = PBXFileReference; explicitFileType = wrapper.framework; includeInIndex = 0; path = Pods_HalanxUITests.framework; sourceTree = BUILT_PRODUCTS_DIR; };
		8127EA82161B0E8BBB25C94C /* Pods_Halanx.framework */ = {isa = PBXFileReference; explicitFileType = wrapper.framework; includeInIndex = 0; path = Pods_Halanx.framework; sourceTree = BUILT_PRODUCTS_DIR; };
		AF7C78907F9F6A79EE272E8A /* Pods-HalanxUITests.release.xcconfig */ = {isa = PBXFileReference; includeInIndex = 1; lastKnownFileType = text.xcconfig; name = "Pods-HalanxUITests.release.xcconfig"; path = "Pods/Target Support Files/Pods-HalanxUITests/Pods-HalanxUITests.release.xcconfig"; sourceTree = "<group>"; };
		B5D75AFF2E6FEF5559726804 /* Pods-Halanx.release.xcconfig */ = {isa = PBXFileReference; includeInIndex = 1; lastKnownFileType = text.xcconfig; name = "Pods-Halanx.release.xcconfig"; path = "Pods/Target Support Files/Pods-Halanx/Pods-Halanx.release.xcconfig"; sourceTree = "<group>"; };
		C507363921260F70003886DD /* MarketTableViewCell.swift */ = {isa = PBXFileReference; lastKnownFileType = sourcecode.swift; path = MarketTableViewCell.swift; sourceTree = "<group>"; };
		C507363A21260F70003886DD /* MarketTableViewCell.xib */ = {isa = PBXFileReference; lastKnownFileType = file.xib; path = MarketTableViewCell.xib; sourceTree = "<group>"; };
		C507363E21260FDC003886DD /* MarketCollectionViewCell.swift */ = {isa = PBXFileReference; lastKnownFileType = sourcecode.swift; path = MarketCollectionViewCell.swift; sourceTree = "<group>"; };
		C507363F21260FDC003886DD /* MarketCollectionViewCell.xib */ = {isa = PBXFileReference; lastKnownFileType = file.xib; path = MarketCollectionViewCell.xib; sourceTree = "<group>"; };
		C507364B21261FF2003886DD /* HeaderTableViewCell.swift */ = {isa = PBXFileReference; lastKnownFileType = sourcecode.swift; path = HeaderTableViewCell.swift; sourceTree = "<group>"; };
		C507364E212632A8003886DD /* HNViewAllMarketViewController.swift */ = {isa = PBXFileReference; lastKnownFileType = sourcecode.swift; path = HNViewAllMarketViewController.swift; sourceTree = "<group>"; };
		C50D094D2128ED060008846C /* AboutTableViewCell.swift */ = {isa = PBXFileReference; lastKnownFileType = sourcecode.swift; path = AboutTableViewCell.swift; sourceTree = "<group>"; };
		C50D094E2128ED060008846C /* AboutTableViewCell.xib */ = {isa = PBXFileReference; lastKnownFileType = file.xib; path = AboutTableViewCell.xib; sourceTree = "<group>"; };
		C50D09512128F1B50008846C /* AddressTableViewCell.swift */ = {isa = PBXFileReference; lastKnownFileType = sourcecode.swift; path = AddressTableViewCell.swift; sourceTree = "<group>"; };
		C50D09522128F1B50008846C /* AddressTableViewCell.xib */ = {isa = PBXFileReference; lastKnownFileType = file.xib; path = AddressTableViewCell.xib; sourceTree = "<group>"; };
		C50D09552128F37E0008846C /* VouchersTableViewCell.swift */ = {isa = PBXFileReference; lastKnownFileType = sourcecode.swift; path = VouchersTableViewCell.swift; sourceTree = "<group>"; };
		C50D09562128F37E0008846C /* VouchersTableViewCell.xib */ = {isa = PBXFileReference; lastKnownFileType = file.xib; path = VouchersTableViewCell.xib; sourceTree = "<group>"; };
		C50D095B212915FF0008846C /* ClaimTableViewCell.swift */ = {isa = PBXFileReference; lastKnownFileType = sourcecode.swift; path = ClaimTableViewCell.swift; sourceTree = "<group>"; };
		C511902E2128036D009BDEA0 /* ViewAllCollectionViewCell.swift */ = {isa = PBXFileReference; lastKnownFileType = sourcecode.swift; path = ViewAllCollectionViewCell.swift; sourceTree = "<group>"; };
		C511902F2128036D009BDEA0 /* ViewAllCollectionViewCell.xib */ = {isa = PBXFileReference; lastKnownFileType = file.xib; path = ViewAllCollectionViewCell.xib; sourceTree = "<group>"; };
		C5119037212825F4009BDEA0 /* HNMarketDetailViewController.swift */ = {isa = PBXFileReference; lastKnownFileType = sourcecode.swift; path = HNMarketDetailViewController.swift; sourceTree = "<group>"; };
		C514456F212F5A8400C0C768 /* SettingShareTableViewCell.swift */ = {isa = PBXFileReference; lastKnownFileType = sourcecode.swift; path = SettingShareTableViewCell.swift; sourceTree = "<group>"; };
		C51445752130412900C0C768 /* OrderVoucherTableViewCell.swift */ = {isa = PBXFileReference; lastKnownFileType = sourcecode.swift; path = OrderVoucherTableViewCell.swift; sourceTree = "<group>"; };
		C51445762130412900C0C768 /* OrderVoucherTableViewCell.xib */ = {isa = PBXFileReference; lastKnownFileType = file.xib; path = OrderVoucherTableViewCell.xib; sourceTree = "<group>"; };
		C514457921305CF400C0C768 /* HNHCashViewController.swift */ = {isa = PBXFileReference; lastKnownFileType = sourcecode.swift; path = HNHCashViewController.swift; sourceTree = "<group>"; };
		C514457E21305EF700C0C768 /* HNPastOrderViewController.swift */ = {isa = PBXFileReference; lastKnownFileType = sourcecode.swift; path = HNPastOrderViewController.swift; sourceTree = "<group>"; };
		C514458021305F1100C0C768 /* HNOnGoingOrderViewController.swift */ = {isa = PBXFileReference; lastKnownFileType = sourcecode.swift; path = HNOnGoingOrderViewController.swift; sourceTree = "<group>"; };
		C514458221305F2C00C0C768 /* HNOrderViewController.swift */ = {isa = PBXFileReference; lastKnownFileType = sourcecode.swift; path = HNOrderViewController.swift; sourceTree = "<group>"; };
		C514458421305F9B00C0C768 /* OrderTableView.swift */ = {isa = PBXFileReference; lastKnownFileType = sourcecode.swift; path = OrderTableView.swift; sourceTree = "<group>"; };
		C5207BAE2131C975000A4736 /* StatementTableViewCell.swift */ = {isa = PBXFileReference; lastKnownFileType = sourcecode.swift; path = StatementTableViewCell.swift; sourceTree = "<group>"; };
		C5207BAF2131C975000A4736 /* StatementTableViewCell.xib */ = {isa = PBXFileReference; lastKnownFileType = file.xib; path = StatementTableViewCell.xib; sourceTree = "<group>"; };
		C534290321268FE600D9405C /* Market.storyboard */ = {isa = PBXFileReference; lastKnownFileType = file.storyboard; path = Market.storyboard; sourceTree = "<group>"; };
		C5342905212691D600D9405C /* HNSettingViewController.swift */ = {isa = PBXFileReference; lastKnownFileType = sourcecode.swift; path = HNSettingViewController.swift; sourceTree = "<group>"; };
		C53429072126967200D9405C /* Payment.storyboard */ = {isa = PBXFileReference; lastKnownFileType = file.storyboard; path = Payment.storyboard; sourceTree = "<group>"; };
		C534290A2126DF5100D9405C /* SwitchTableViewCell.swift */ = {isa = PBXFileReference; lastKnownFileType = sourcecode.swift; path = SwitchTableViewCell.swift; sourceTree = "<group>"; };
		C5450EE121316D0E007E59C0 /* HNRegisterViewController.swift */ = {isa = PBXFileReference; lastKnownFileType = sourcecode.swift; path = HNRegisterViewController.swift; sourceTree = "<group>"; };
		C5450EE421316D45007E59C0 /* HNCommentViewController.swift */ = {isa = PBXFileReference; lastKnownFileType = sourcecode.swift; path = HNCommentViewController.swift; sourceTree = "<group>"; };
		C5450EE72131BC86007E59C0 /* CommentTableViewCell.swift */ = {isa = PBXFileReference; lastKnownFileType = sourcecode.swift; path = CommentTableViewCell.swift; sourceTree = "<group>"; };
		C5450EE82131BC86007E59C0 /* CommentTableViewCell.xib */ = {isa = PBXFileReference; lastKnownFileType = file.xib; path = CommentTableViewCell.xib; sourceTree = "<group>"; };
		C54FB62D213C678800286E27 /* AlamofireRequestManager.swift */ = {isa = PBXFileReference; lastKnownFileType = sourcecode.swift; path = AlamofireRequestManager.swift; sourceTree = "<group>"; };
		C54FB62F213C67DA00286E27 /* RequestGenerator.swift */ = {isa = PBXFileReference; lastKnownFileType = sourcecode.swift; path = RequestGenerator.swift; sourceTree = "<group>"; };
		C54FB635213C6FD300286E27 /* HNLoginWebService.swift */ = {isa = PBXFileReference; lastKnownFileType = sourcecode.swift; path = HNLoginWebService.swift; sourceTree = "<group>"; };
		C550666C2131F1FC0039B76D /* IntroImageCollectionViewCell.swift */ = {isa = PBXFileReference; lastKnownFileType = sourcecode.swift; path = IntroImageCollectionViewCell.swift; sourceTree = "<group>"; };
		C57576B0212C5803009ED826 /* HNClaimViewController.swift */ = {isa = PBXFileReference; lastKnownFileType = sourcecode.swift; path = HNClaimViewController.swift; sourceTree = "<group>"; };
		C57576B3212C6C42009ED826 /* HNCartViewController.swift */ = {isa = PBXFileReference; lastKnownFileType = sourcecode.swift; path = HNCartViewController.swift; sourceTree = "<group>"; };
		C57576B6212C7335009ED826 /* HNPaymentOptionsViewController.swift */ = {isa = PBXFileReference; lastKnownFileType = sourcecode.swift; path = HNPaymentOptionsViewController.swift; sourceTree = "<group>"; };
		C57576B9212C7AE1009ED826 /* HNUserProfileViewController.swift */ = {isa = PBXFileReference; lastKnownFileType = sourcecode.swift; path = HNUserProfileViewController.swift; sourceTree = "<group>"; };
		C57576BC212C8184009ED826 /* PhotoCollectionViewCell.swift */ = {isa = PBXFileReference; lastKnownFileType = sourcecode.swift; path = PhotoCollectionViewCell.swift; sourceTree = "<group>"; };
		C57576BD212C8184009ED826 /* PhotoCollectionViewCell.xib */ = {isa = PBXFileReference; lastKnownFileType = file.xib; path = PhotoCollectionViewCell.xib; sourceTree = "<group>"; };
		C57576C1212C86E3009ED826 /* PhotoTableViewCell.swift */ = {isa = PBXFileReference; lastKnownFileType = sourcecode.swift; path = PhotoTableViewCell.swift; sourceTree = "<group>"; };
		C57576C2212C86E3009ED826 /* PhotoTableViewCell.xib */ = {isa = PBXFileReference; lastKnownFileType = file.xib; path = PhotoTableViewCell.xib; sourceTree = "<group>"; };
		C5807B6D2124A66B002AB7F3 /* Feed.storyboard */ = {isa = PBXFileReference; lastKnownFileType = file.storyboard; path = Feed.storyboard; sourceTree = "<group>"; };
		C5807B702124A935002AB7F3 /* HNInterestViewController.swift */ = {isa = PBXFileReference; lastKnownFileType = sourcecode.swift; path = HNInterestViewController.swift; sourceTree = "<group>"; };
		C5807B742124AA83002AB7F3 /* InterestCollectionViewCell.swift */ = {isa = PBXFileReference; lastKnownFileType = sourcecode.swift; path = InterestCollectionViewCell.swift; sourceTree = "<group>"; };
		C5807B752124AA83002AB7F3 /* InterestCollectionViewCell.xib */ = {isa = PBXFileReference; lastKnownFileType = file.xib; path = InterestCollectionViewCell.xib; sourceTree = "<group>"; };
		C5807B792124BAD8002AB7F3 /* HNNeighbourViewController.swift */ = {isa = PBXFileReference; lastKnownFileType = sourcecode.swift; path = HNNeighbourViewController.swift; sourceTree = "<group>"; };
		C5807B7F2125DD7C002AB7F3 /* HNEditProfileViewController.swift */ = {isa = PBXFileReference; lastKnownFileType = sourcecode.swift; path = HNEditProfileViewController.swift; sourceTree = "<group>"; };
		C5807B822125E0B4002AB7F3 /* NeighbourTableViewCell.swift */ = {isa = PBXFileReference; lastKnownFileType = sourcecode.swift; path = NeighbourTableViewCell.swift; sourceTree = "<group>"; };
		C5807B832125E0B4002AB7F3 /* NeighbourTableViewCell.xib */ = {isa = PBXFileReference; lastKnownFileType = file.xib; path = NeighbourTableViewCell.xib; sourceTree = "<group>"; };
		C5B5E5F5212CCA5C006318FA /* UserInfoTableViewCell.swift */ = {isa = PBXFileReference; lastKnownFileType = sourcecode.swift; path = UserInfoTableViewCell.swift; sourceTree = "<group>"; };
		C5B5E5F6212CCA5C006318FA /* UserInfoTableViewCell.xib */ = {isa = PBXFileReference; lastKnownFileType = file.xib; path = UserInfoTableViewCell.xib; sourceTree = "<group>"; };
		C5B5E5FA212CDB27006318FA /* PeopleLikeTableViewCell.swift */ = {isa = PBXFileReference; lastKnownFileType = sourcecode.swift; path = PeopleLikeTableViewCell.swift; sourceTree = "<group>"; };
		C5B5E5FB212CDB27006318FA /* PeopleLikeTableViewCell.xib */ = {isa = PBXFileReference; lastKnownFileType = file.xib; path = PeopleLikeTableViewCell.xib; sourceTree = "<group>"; };
		C5B5E5FF212CEDC0006318FA /* HNEducationDetailViewController.swift */ = {isa = PBXFileReference; lastKnownFileType = sourcecode.swift; path = HNEducationDetailViewController.swift; sourceTree = "<group>"; };
		C5B5E602212CF0E3006318FA /* HNWorkDetailViewController.swift */ = {isa = PBXFileReference; lastKnownFileType = sourcecode.swift; path = HNWorkDetailViewController.swift; sourceTree = "<group>"; };
		C5B5E604212CF76D006318FA /* Assets.xcassets */ = {isa = PBXFileReference; lastKnownFileType = folder.assetcatalog; path = Assets.xcassets; sourceTree = "<group>"; };
		C5C02DA02118A27600CC60FA /* Halanx.app */ = {isa = PBXFileReference; explicitFileType = wrapper.application; includeInIndex = 0; path = Halanx.app; sourceTree = BUILT_PRODUCTS_DIR; };
		C5C02DA32118A27600CC60FA /* AppDelegate.swift */ = {isa = PBXFileReference; lastKnownFileType = sourcecode.swift; path = AppDelegate.swift; sourceTree = "<group>"; };
		C5C02DA82118A27600CC60FA /* Base */ = {isa = PBXFileReference; lastKnownFileType = file.storyboard; name = Base; path = Base.lproj/Main.storyboard; sourceTree = "<group>"; };
		C5C02DB02118A27700CC60FA /* Base */ = {isa = PBXFileReference; lastKnownFileType = file.storyboard; name = Base; path = Base.lproj/LaunchScreen.storyboard; sourceTree = "<group>"; };
		C5C02DB22118A27700CC60FA /* Info.plist */ = {isa = PBXFileReference; lastKnownFileType = text.plist.xml; path = Info.plist; sourceTree = "<group>"; };
		C5C02DB72118A27700CC60FA /* HalanxTests.xctest */ = {isa = PBXFileReference; explicitFileType = wrapper.cfbundle; includeInIndex = 0; path = HalanxTests.xctest; sourceTree = BUILT_PRODUCTS_DIR; };
		C5C02DBB2118A27700CC60FA /* HalanxTests.swift */ = {isa = PBXFileReference; lastKnownFileType = sourcecode.swift; path = HalanxTests.swift; sourceTree = "<group>"; };
		C5C02DBD2118A27700CC60FA /* Info.plist */ = {isa = PBXFileReference; lastKnownFileType = text.plist.xml; path = Info.plist; sourceTree = "<group>"; };
		C5C02DC22118A27700CC60FA /* HalanxUITests.xctest */ = {isa = PBXFileReference; explicitFileType = wrapper.cfbundle; includeInIndex = 0; path = HalanxUITests.xctest; sourceTree = BUILT_PRODUCTS_DIR; };
		C5C02DC62118A27700CC60FA /* HalanxUITests.swift */ = {isa = PBXFileReference; lastKnownFileType = sourcecode.swift; path = HalanxUITests.swift; sourceTree = "<group>"; };
		C5C02DC82118A27700CC60FA /* Info.plist */ = {isa = PBXFileReference; lastKnownFileType = text.plist.xml; path = Info.plist; sourceTree = "<group>"; };
		C5C02DEF2118B4F100CC60FA /* HNDesignableUIImage.swift */ = {isa = PBXFileReference; lastKnownFileType = sourcecode.swift; path = HNDesignableUIImage.swift; sourceTree = "<group>"; };
		C5C02DF12118B52700CC60FA /* HNAppStoryboard.swift */ = {isa = PBXFileReference; lastKnownFileType = sourcecode.swift; path = HNAppStoryboard.swift; sourceTree = "<group>"; };
		C5C02DF32118B53400CC60FA /* HNUtility.swift */ = {isa = PBXFileReference; lastKnownFileType = sourcecode.swift; path = HNUtility.swift; sourceTree = "<group>"; };
		C5C02DF52118B56A00CC60FA /* HNMainTabViewController.swift */ = {isa = PBXFileReference; lastKnownFileType = sourcecode.swift; path = HNMainTabViewController.swift; sourceTree = "<group>"; };
		C5C02DF72118B58D00CC60FA /* HNLoginViewController.swift */ = {isa = PBXFileReference; lastKnownFileType = sourcecode.swift; path = HNLoginViewController.swift; sourceTree = "<group>"; };
		C5C02DFE2118B74600CC60FA /* HNConstants.swift */ = {isa = PBXFileReference; lastKnownFileType = sourcecode.swift; path = HNConstants.swift; sourceTree = "<group>"; };
		C5C02E012118B8AE00CC60FA /* Halanx-Bridging-Header.h */ = {isa = PBXFileReference; lastKnownFileType = sourcecode.c.h; path = "Halanx-Bridging-Header.h"; sourceTree = "<group>"; };
		C5C02E022118B8AE00CC60FA /* MBProgressHUD.h */ = {isa = PBXFileReference; fileEncoding = 4; lastKnownFileType = sourcecode.c.h; path = MBProgressHUD.h; sourceTree = "<group>"; };
		C5C02E032118B8AF00CC60FA /* MBProgressHUD.m */ = {isa = PBXFileReference; fileEncoding = 4; lastKnownFileType = sourcecode.c.objc; path = MBProgressHUD.m; sourceTree = "<group>"; };
		C5C02E082118C7EC00CC60FA /* Reachability.h */ = {isa = PBXFileReference; fileEncoding = 4; lastKnownFileType = sourcecode.c.h; path = Reachability.h; sourceTree = "<group>"; };
		C5C02E092118C7EC00CC60FA /* Reachability.m */ = {isa = PBXFileReference; fileEncoding = 4; lastKnownFileType = sourcecode.c.objc; path = Reachability.m; sourceTree = "<group>"; };
		C5C02E1B2118CA7F00CC60FA /* HNFeedViewController.swift */ = {isa = PBXFileReference; lastKnownFileType = sourcecode.swift; path = HNFeedViewController.swift; sourceTree = "<group>"; };
		C5C02E1D2118CA9D00CC60FA /* HNPollViewController.swift */ = {isa = PBXFileReference; lastKnownFileType = sourcecode.swift; path = HNPollViewController.swift; sourceTree = "<group>"; };
		C5C02E1F2118CAB600CC60FA /* HNMarketPlaceViewController.swift */ = {isa = PBXFileReference; lastKnownFileType = sourcecode.swift; path = HNMarketPlaceViewController.swift; sourceTree = "<group>"; };
		C5C02E212118CACA00CC60FA /* HNMessagingViewController.swift */ = {isa = PBXFileReference; lastKnownFileType = sourcecode.swift; path = HNMessagingViewController.swift; sourceTree = "<group>"; };
		C5C02E232118CADB00CC60FA /* HNMeViewController.swift */ = {isa = PBXFileReference; lastKnownFileType = sourcecode.swift; path = HNMeViewController.swift; sourceTree = "<group>"; };
		C5C02E252118CE3E00CC60FA /* StringExtension.swift */ = {isa = PBXFileReference; lastKnownFileType = sourcecode.swift; path = StringExtension.swift; sourceTree = "<group>"; };
		C5C02E272118CF9500CC60FA /* ViewControllerExtension.swift */ = {isa = PBXFileReference; lastKnownFileType = sourcecode.swift; path = ViewControllerExtension.swift; sourceTree = "<group>"; };
		C5D9D7342123ECD80009AF65 /* FBManager.swift */ = {isa = PBXFileReference; lastKnownFileType = sourcecode.swift; path = FBManager.swift; sourceTree = "<group>"; };
		C5D9D73F2123F6600009AF65 /* Chat.storyboard */ = {isa = PBXFileReference; lastKnownFileType = file.storyboard; path = Chat.storyboard; sourceTree = "<group>"; };
		C5E6BE2A2124307C00519CA4 /* HNCreatePostViewController.swift */ = {isa = PBXFileReference; lastKnownFileType = sourcecode.swift; path = HNCreatePostViewController.swift; sourceTree = "<group>"; };
		C5E6BE2D2124421700519CA4 /* HNMapViewController.swift */ = {isa = PBXFileReference; lastKnownFileType = sourcecode.swift; path = HNMapViewController.swift; sourceTree = "<group>"; };
		C5E6BE312124586000519CA4 /* HNNotificationViewController.swift */ = {isa = PBXFileReference; lastKnownFileType = sourcecode.swift; path = HNNotificationViewController.swift; sourceTree = "<group>"; };
		C5E6BE34212458F100519CA4 /* NotificationTableViewCell.swift */ = {isa = PBXFileReference; lastKnownFileType = sourcecode.swift; path = NotificationTableViewCell.swift; sourceTree = "<group>"; };
		C5E6BE35212458F100519CA4 /* NotificationTableViewCell.xib */ = {isa = PBXFileReference; lastKnownFileType = file.xib; path = NotificationTableViewCell.xib; sourceTree = "<group>"; };
		C5ED0766211CAC5C00BFB42C /* PostTableViewCell.swift */ = {isa = PBXFileReference; lastKnownFileType = sourcecode.swift; path = PostTableViewCell.swift; sourceTree = "<group>"; };
		C5ED0767211CAC5C00BFB42C /* PostTableViewCell.xib */ = {isa = PBXFileReference; lastKnownFileType = file.xib; path = PostTableViewCell.xib; sourceTree = "<group>"; };
		C5ED076B211CAC7500BFB42C /* NewsTableViewCell.swift */ = {isa = PBXFileReference; lastKnownFileType = sourcecode.swift; path = NewsTableViewCell.swift; sourceTree = "<group>"; };
		C5ED076C211CAC7500BFB42C /* NewsTableViewCell.xib */ = {isa = PBXFileReference; lastKnownFileType = file.xib; path = NewsTableViewCell.xib; sourceTree = "<group>"; };
		C5ED0771211CB3B300BFB42C /* HNDesignableButton.swift */ = {isa = PBXFileReference; lastKnownFileType = sourcecode.swift; path = HNDesignableButton.swift; sourceTree = "<group>"; };
		C5ED0774211CBFBE00BFB42C /* MessageTableViewCell.swift */ = {isa = PBXFileReference; lastKnownFileType = sourcecode.swift; path = MessageTableViewCell.swift; sourceTree = "<group>"; };
		C5ED0775211CBFBE00BFB42C /* MessageTableViewCell.xib */ = {isa = PBXFileReference; lastKnownFileType = file.xib; path = MessageTableViewCell.xib; sourceTree = "<group>"; };
		C5ED0779211CC58000BFB42C /* CellManager.swift */ = {isa = PBXFileReference; lastKnownFileType = sourcecode.swift; path = CellManager.swift; sourceTree = "<group>"; };
		C5ED077C211CF88D00BFB42C /* PollTableViewCell.swift */ = {isa = PBXFileReference; lastKnownFileType = sourcecode.swift; path = PollTableViewCell.swift; sourceTree = "<group>"; };
		C5ED077D211CF88D00BFB42C /* PollTableViewCell.xib */ = {isa = PBXFileReference; lastKnownFileType = file.xib; path = PollTableViewCell.xib; sourceTree = "<group>"; };
		C5ED0780211CFAD900BFB42C /* HNDesignableTF.swift */ = {isa = PBXFileReference; lastKnownFileType = sourcecode.swift; path = HNDesignableTF.swift; sourceTree = "<group>"; };
		C5ED0783211D018600BFB42C /* HNOnboardingViewController.swift */ = {isa = PBXFileReference; lastKnownFileType = sourcecode.swift; path = HNOnboardingViewController.swift; sourceTree = "<group>"; };
		C5ED0786211D097100BFB42C /* iCarousel.h */ = {isa = PBXFileReference; fileEncoding = 4; lastKnownFileType = sourcecode.c.h; path = iCarousel.h; sourceTree = "<group>"; };
		C5ED0787211D097100BFB42C /* iCarousel.m */ = {isa = PBXFileReference; fileEncoding = 4; lastKnownFileType = sourcecode.c.objc; path = iCarousel.m; sourceTree = "<group>"; };
		C5ED0789211D0F0A00BFB42C /* HNPasswordViewController.swift */ = {isa = PBXFileReference; lastKnownFileType = sourcecode.swift; path = HNPasswordViewController.swift; sourceTree = "<group>"; };
		C5ED079D211D3BBA00BFB42C /* HNDesignableView.swift */ = {isa = PBXFileReference; lastKnownFileType = sourcecode.swift; path = HNDesignableView.swift; sourceTree = "<group>"; };
		C5ED079F2120697700BFB42C /* HNUserDefaultManager.swift */ = {isa = PBXFileReference; lastKnownFileType = sourcecode.swift; path = HNUserDefaultManager.swift; sourceTree = "<group>"; };
/* End PBXFileReference section */

/* Begin PBXFrameworksBuildPhase section */
		C5C02D9D2118A27600CC60FA /* Frameworks */ = {
			isa = PBXFrameworksBuildPhase;
			buildActionMask = 2147483647;
			files = (
				B3D9F1CE113E784966679BA3 /* Pods_Halanx.framework in Frameworks */,
			);
			runOnlyForDeploymentPostprocessing = 0;
		};
		C5C02DB42118A27700CC60FA /* Frameworks */ = {
			isa = PBXFrameworksBuildPhase;
			buildActionMask = 2147483647;
			files = (
				3A91DC9D8F69BF081DDE2E2A /* Pods_HalanxTests.framework in Frameworks */,
			);
			runOnlyForDeploymentPostprocessing = 0;
		};
		C5C02DBF2118A27700CC60FA /* Frameworks */ = {
			isa = PBXFrameworksBuildPhase;
			buildActionMask = 2147483647;
			files = (
				CC999A8B96092869986B58FC /* Pods_HalanxUITests.framework in Frameworks */,
			);
			runOnlyForDeploymentPostprocessing = 0;
		};
/* End PBXFrameworksBuildPhase section */

/* Begin PBXGroup section */
		C507363821260F56003886DD /* Market Cell */ = {
			isa = PBXGroup;
			children = (
				C507363921260F70003886DD /* MarketTableViewCell.swift */,
				C507363A21260F70003886DD /* MarketTableViewCell.xib */,
			);
			path = "Market Cell";
			sourceTree = "<group>";
		};
		C507363D21260FC0003886DD /* Market Cell */ = {
			isa = PBXGroup;
			children = (
				C507363E21260FDC003886DD /* MarketCollectionViewCell.swift */,
				C507363F21260FDC003886DD /* MarketCollectionViewCell.xib */,
			);
			path = "Market Cell";
			sourceTree = "<group>";
		};
		C507364A21261F5D003886DD /* Header Cell */ = {
			isa = PBXGroup;
			children = (
				C507364B21261FF2003886DD /* HeaderTableViewCell.swift */,
			);
			path = "Header Cell";
			sourceTree = "<group>";
		};
		C507364D2126324E003886DD /* View Market Place */ = {
			isa = PBXGroup;
			children = (
				C507364E212632A8003886DD /* HNViewAllMarketViewController.swift */,
			);
			path = "View Market Place";
			sourceTree = "<group>";
		};
		C50D09492128EC570008846C /* Market Detail Cell */ = {
			isa = PBXGroup;
			children = (
				C50D095A212915EF0008846C /* Claim Cell */,
				C50D094C2128EC950008846C /* Vouchers Cell */,
				C50D094B2128EC8C0008846C /* Address Cell */,
				C50D094A2128EC670008846C /* About Cell */,
			);
			path = "Market Detail Cell";
			sourceTree = "<group>";
		};
		C50D094A2128EC670008846C /* About Cell */ = {
			isa = PBXGroup;
			children = (
				C50D094D2128ED060008846C /* AboutTableViewCell.swift */,
				C50D094E2128ED060008846C /* AboutTableViewCell.xib */,
			);
			path = "About Cell";
			sourceTree = "<group>";
		};
		C50D094B2128EC8C0008846C /* Address Cell */ = {
			isa = PBXGroup;
			children = (
				C50D09512128F1B50008846C /* AddressTableViewCell.swift */,
				C50D09522128F1B50008846C /* AddressTableViewCell.xib */,
			);
			path = "Address Cell";
			sourceTree = "<group>";
		};
		C50D094C2128EC950008846C /* Vouchers Cell */ = {
			isa = PBXGroup;
			children = (
				C50D09552128F37E0008846C /* VouchersTableViewCell.swift */,
				C50D09562128F37E0008846C /* VouchersTableViewCell.xib */,
			);
			path = "Vouchers Cell";
			sourceTree = "<group>";
		};
		C50D095A212915EF0008846C /* Claim Cell */ = {
			isa = PBXGroup;
			children = (
				C50D095B212915FF0008846C /* ClaimTableViewCell.swift */,
			);
			path = "Claim Cell";
			sourceTree = "<group>";
		};
		C511902D21280354009BDEA0 /* View All Cell */ = {
			isa = PBXGroup;
			children = (
				C511902E2128036D009BDEA0 /* ViewAllCollectionViewCell.swift */,
				C511902F2128036D009BDEA0 /* ViewAllCollectionViewCell.xib */,
			);
			path = "View All Cell";
			sourceTree = "<group>";
		};
		C511903321282549009BDEA0 /* Market Detail */ = {
			isa = PBXGroup;
			children = (
				C5119037212825F4009BDEA0 /* HNMarketDetailViewController.swift */,
			);
			path = "Market Detail";
			sourceTree = "<group>";
		};
		C511903421282572009BDEA0 /* Login */ = {
			isa = PBXGroup;
			children = (
				C5C02DF72118B58D00CC60FA /* HNLoginViewController.swift */,
				C54FB635213C6FD300286E27 /* HNLoginWebService.swift */,
			);
			path = Login;
			sourceTree = "<group>";
		};
		C51190352128257F009BDEA0 /* Password */ = {
			isa = PBXGroup;
			children = (
				C5ED0789211D0F0A00BFB42C /* HNPasswordViewController.swift */,
			);
			path = Password;
			sourceTree = "<group>";
		};
		C51190362128258A009BDEA0 /* Edit Profile */ = {
			isa = PBXGroup;
			children = (
				C5807B7F2125DD7C002AB7F3 /* HNEditProfileViewController.swift */,
			);
			path = "Edit Profile";
			sourceTree = "<group>";
		};
		C514457321303A7100C0C768 /* HCash */ = {
			isa = PBXGroup;
			children = (
				C514457921305CF400C0C768 /* HNHCashViewController.swift */,
			);
			path = HCash;
			sourceTree = "<group>";
		};
		C51445742130410A00C0C768 /* Order Voucher Cell */ = {
			isa = PBXGroup;
			children = (
				C51445752130412900C0C768 /* OrderVoucherTableViewCell.swift */,
				C51445762130412900C0C768 /* OrderVoucherTableViewCell.xib */,
			);
			path = "Order Voucher Cell";
			sourceTree = "<group>";
		};
		C514457B21305EC900C0C768 /* Order */ = {
			isa = PBXGroup;
			children = (
				C514458221305F2C00C0C768 /* HNOrderViewController.swift */,
				C514458421305F9B00C0C768 /* OrderTableView.swift */,
				C514457D21305EE300C0C768 /* Past */,
				C514457C21305ECF00C0C768 /* On Going */,
			);
			path = Order;
			sourceTree = "<group>";
		};
		C514457C21305ECF00C0C768 /* On Going */ = {
			isa = PBXGroup;
			children = (
				C514458021305F1100C0C768 /* HNOnGoingOrderViewController.swift */,
			);
			path = "On Going";
			sourceTree = "<group>";
		};
		C514457D21305EE300C0C768 /* Past */ = {
			isa = PBXGroup;
			children = (
				C514457E21305EF700C0C768 /* HNPastOrderViewController.swift */,
			);
			path = Past;
			sourceTree = "<group>";
		};
		C5207BAD2131C941000A4736 /* Statement Cell */ = {
			isa = PBXGroup;
			children = (
				C5207BAE2131C975000A4736 /* StatementTableViewCell.swift */,
				C5207BAF2131C975000A4736 /* StatementTableViewCell.xib */,
			);
			path = "Statement Cell";
			sourceTree = "<group>";
		};
		C53429092126DF2F00D9405C /* Setting Switch Cell */ = {
			isa = PBXGroup;
			children = (
				C534290A2126DF5100D9405C /* SwitchTableViewCell.swift */,
			);
			path = "Setting Switch Cell";
			sourceTree = "<group>";
		};
		C53E8BBB2119D64A009947F3 /* Table View Cell */ = {
			isa = PBXGroup;
			children = (
				C5207BAD2131C941000A4736 /* Statement Cell */,
				C5450EE62131BC6F007E59C0 /* Comment Cell */,
				C51445742130410A00C0C768 /* Order Voucher Cell */,
				C55B3153212EBD1C0009A9EC /* Settings Cell */,
				C5B5E5F9212CDA84006318FA /* People Like */,
				C5B5E5F4212CCA45006318FA /* User Info */,
				C57576C0212C86B0009ED826 /* Photo Cell */,
				C50D09492128EC570008846C /* Market Detail Cell */,
				C53429092126DF2F00D9405C /* Setting Switch Cell */,
				C507363821260F56003886DD /* Market Cell */,
				C5807B812125E09A002AB7F3 /* Neighbour Cell */,
				C5E6BE33212458D500519CA4 /* Notification Cell */,
				C5ED077B211CF87700BFB42C /* Poll Cell */,
				C5ED0773211CBFA600BFB42C /* Message Cell */,
				C5ED0764211CAC3C00BFB42C /* Feed Cell */,
			);
			path = "Table View Cell";
			sourceTree = "<group>";
		};
		C5450EDA21314742007E59C0 /* Register */ = {
			isa = PBXGroup;
			children = (
				C5450EE121316D0E007E59C0 /* HNRegisterViewController.swift */,
			);
			path = Register;
			sourceTree = "<group>";
		};
		C5450EE321316D33007E59C0 /* Comment */ = {
			isa = PBXGroup;
			children = (
				C5450EE421316D45007E59C0 /* HNCommentViewController.swift */,
			);
			path = Comment;
			sourceTree = "<group>";
		};
		C5450EE62131BC6F007E59C0 /* Comment Cell */ = {
			isa = PBXGroup;
			children = (
				C5450EE72131BC86007E59C0 /* CommentTableViewCell.swift */,
				C5450EE82131BC86007E59C0 /* CommentTableViewCell.xib */,
			);
			path = "Comment Cell";
			sourceTree = "<group>";
		};
		C54FB62B213C675C00286E27 /* Network Request */ = {
			isa = PBXGroup;
			children = (
				C54FB62C213C676D00286E27 /* Managers */,
			);
			path = "Network Request";
			sourceTree = "<group>";
		};
		C54FB62C213C676D00286E27 /* Managers */ = {
			isa = PBXGroup;
			children = (
				C54FB62D213C678800286E27 /* AlamofireRequestManager.swift */,
				C54FB62F213C67DA00286E27 /* RequestGenerator.swift */,
			);
			path = Managers;
			sourceTree = "<group>";
		};
		C55B3153212EBD1C0009A9EC /* Settings Cell */ = {
			isa = PBXGroup;
			children = (
				C514456F212F5A8400C0C768 /* SettingShareTableViewCell.swift */,
			);
			path = "Settings Cell";
			sourceTree = "<group>";
		};
		C5757698212BEDFB009ED826 /* Claim */ = {
			isa = PBXGroup;
			children = (
				C57576B0212C5803009ED826 /* HNClaimViewController.swift */,
			);
			path = Claim;
			sourceTree = "<group>";
		};
		C57576B2212C6C2B009ED826 /* View Cart */ = {
			isa = PBXGroup;
			children = (
				C57576B3212C6C42009ED826 /* HNCartViewController.swift */,
			);
			path = "View Cart";
			sourceTree = "<group>";
		};
		C57576B5212C7312009ED826 /* Payment Options */ = {
			isa = PBXGroup;
			children = (
				C57576B6212C7335009ED826 /* HNPaymentOptionsViewController.swift */,
			);
			path = "Payment Options";
			sourceTree = "<group>";
		};
		C57576B8212C7AC3009ED826 /* User Profile */ = {
			isa = PBXGroup;
			children = (
				C57576B9212C7AE1009ED826 /* HNUserProfileViewController.swift */,
			);
			path = "User Profile";
			sourceTree = "<group>";
		};
		C57576BB212C815E009ED826 /* Photo Cell */ = {
			isa = PBXGroup;
			children = (
				C57576BC212C8184009ED826 /* PhotoCollectionViewCell.swift */,
				C57576BD212C8184009ED826 /* PhotoCollectionViewCell.xib */,
			);
			path = "Photo Cell";
			sourceTree = "<group>";
		};
		C57576C0212C86B0009ED826 /* Photo Cell */ = {
			isa = PBXGroup;
			children = (
				C57576C1212C86E3009ED826 /* PhotoTableViewCell.swift */,
				C57576C2212C86E3009ED826 /* PhotoTableViewCell.xib */,
			);
			path = "Photo Cell";
			sourceTree = "<group>";
		};
		C5807B6F2124A90D002AB7F3 /* Interest */ = {
			isa = PBXGroup;
			children = (
				C5807B702124A935002AB7F3 /* HNInterestViewController.swift */,
			);
			path = Interest;
			sourceTree = "<group>";
		};
		C5807B722124AA5C002AB7F3 /* Collection View Cell */ = {
			isa = PBXGroup;
			children = (
				C57576BB212C815E009ED826 /* Photo Cell */,
				C511902D21280354009BDEA0 /* View All Cell */,
				C507363D21260FC0003886DD /* Market Cell */,
				C5807B732124AA68002AB7F3 /* Interest Cell */,
				C550666C2131F1FC0039B76D /* IntroImageCollectionViewCell.swift */,
			);
			path = "Collection View Cell";
			sourceTree = "<group>";
		};
		C5807B732124AA68002AB7F3 /* Interest Cell */ = {
			isa = PBXGroup;
			children = (
				C5807B742124AA83002AB7F3 /* InterestCollectionViewCell.swift */,
				C5807B752124AA83002AB7F3 /* InterestCollectionViewCell.xib */,
			);
			path = "Interest Cell";
			sourceTree = "<group>";
		};
		C5807B782124BAB1002AB7F3 /* Neighbour */ = {
			isa = PBXGroup;
			children = (
				C5807B792124BAD8002AB7F3 /* HNNeighbourViewController.swift */,
			);
			path = Neighbour;
			sourceTree = "<group>";
		};
		C5807B812125E09A002AB7F3 /* Neighbour Cell */ = {
			isa = PBXGroup;
			children = (
				C5807B822125E0B4002AB7F3 /* NeighbourTableViewCell.swift */,
				C5807B832125E0B4002AB7F3 /* NeighbourTableViewCell.xib */,
			);
			path = "Neighbour Cell";
			sourceTree = "<group>";
		};
		C5B5E5F4212CCA45006318FA /* User Info */ = {
			isa = PBXGroup;
			children = (
				C5B5E5F5212CCA5C006318FA /* UserInfoTableViewCell.swift */,
				C5B5E5F6212CCA5C006318FA /* UserInfoTableViewCell.xib */,
			);
			path = "User Info";
			sourceTree = "<group>";
		};
		C5B5E5F9212CDA84006318FA /* People Like */ = {
			isa = PBXGroup;
			children = (
				C5B5E5FA212CDB27006318FA /* PeopleLikeTableViewCell.swift */,
				C5B5E5FB212CDB27006318FA /* PeopleLikeTableViewCell.xib */,
			);
			path = "People Like";
			sourceTree = "<group>";
		};
		C5B5E5FE212CED9E006318FA /* Education */ = {
			isa = PBXGroup;
			children = (
				C5B5E5FF212CEDC0006318FA /* HNEducationDetailViewController.swift */,
			);
			path = Education;
			sourceTree = "<group>";
		};
		C5B5E601212CF0D1006318FA /* Work */ = {
			isa = PBXGroup;
			children = (
				C5B5E602212CF0E3006318FA /* HNWorkDetailViewController.swift */,
			);
			path = Work;
			sourceTree = "<group>";
		};
		C5C02D972118A27600CC60FA = {
			isa = PBXGroup;
			children = (
				C5C02DA22118A27600CC60FA /* Halanx */,
				C5C02DBA2118A27700CC60FA /* HalanxTests */,
				C5C02DC52118A27700CC60FA /* HalanxUITests */,
				C5C02DA12118A27600CC60FA /* Products */,
				E00B659D4AA5420F7F2986AF /* Pods */,
				CB0CF00D3698042AE89C9928 /* Frameworks */,
			);
			sourceTree = "<group>";
		};
		C5C02DA12118A27600CC60FA /* Products */ = {
			isa = PBXGroup;
			children = (
				C5C02DA02118A27600CC60FA /* Halanx.app */,
				C5C02DB72118A27700CC60FA /* HalanxTests.xctest */,
				C5C02DC22118A27700CC60FA /* HalanxUITests.xctest */,
			);
			name = Products;
			sourceTree = "<group>";
		};
		C5C02DA22118A27600CC60FA /* Halanx */ = {
			isa = PBXGroup;
			children = (
				C5C02DA32118A27600CC60FA /* AppDelegate.swift */,
				C5C02E012118B8AE00CC60FA /* Halanx-Bridging-Header.h */,
				C5C02DD52118A29300CC60FA /* Module */,
				C5C02DD42118A28B00CC60FA /* View */,
				C5C02E052118BE1100CC60FA /* Network Requests */,
				C5C02DD82118A2B000CC60FA /* Resources */,
				C54FB62B213C675C00286E27 /* Network Request */,
				C5B5E604212CF76D006318FA /* Assets.xcassets */,
				C5C02DAF2118A27700CC60FA /* LaunchScreen.storyboard */,
				C5C02DB22118A27700CC60FA /* Info.plist */,
			);
			path = Halanx;
			sourceTree = "<group>";
		};
		C5C02DBA2118A27700CC60FA /* HalanxTests */ = {
			isa = PBXGroup;
			children = (
				C5C02DBB2118A27700CC60FA /* HalanxTests.swift */,
				C5C02DBD2118A27700CC60FA /* Info.plist */,
			);
			path = HalanxTests;
			sourceTree = "<group>";
		};
		C5C02DC52118A27700CC60FA /* HalanxUITests */ = {
			isa = PBXGroup;
			children = (
				C5C02DC62118A27700CC60FA /* HalanxUITests.swift */,
				C5C02DC82118A27700CC60FA /* Info.plist */,
			);
			path = HalanxUITests;
			sourceTree = "<group>";
		};
		C5C02DD42118A28B00CC60FA /* View */ = {
			isa = PBXGroup;
			children = (
				C507364A21261F5D003886DD /* Header Cell */,
				C5807B722124AA5C002AB7F3 /* Collection View Cell */,
				C53E8BBB2119D64A009947F3 /* Table View Cell */,
				C5C02DD92118A2BC00CC60FA /* Storyboard */,
			);
			path = View;
			sourceTree = "<group>";
		};
		C5C02DD52118A29300CC60FA /* Module */ = {
			isa = PBXGroup;
			children = (
				C5450EE321316D33007E59C0 /* Comment */,
				C5450EDA21314742007E59C0 /* Register */,
				C514457B21305EC900C0C768 /* Order */,
				C514457321303A7100C0C768 /* HCash */,
				C5B5E601212CF0D1006318FA /* Work */,
				C5B5E5FE212CED9E006318FA /* Education */,
				C57576B8212C7AC3009ED826 /* User Profile */,
				C57576B5212C7312009ED826 /* Payment Options */,
				C57576B2212C6C2B009ED826 /* View Cart */,
				C5757698212BEDFB009ED826 /* Claim */,
				C51190362128258A009BDEA0 /* Edit Profile */,
				C51190352128257F009BDEA0 /* Password */,
				C511903421282572009BDEA0 /* Login */,
				C511903321282549009BDEA0 /* Market Detail */,
				C507364D2126324E003886DD /* View Market Place */,
				C5807B782124BAB1002AB7F3 /* Neighbour */,
				C5807B6F2124A90D002AB7F3 /* Interest */,
				C5E6BE302124584C00519CA4 /* Notification */,
				C5E6BE2C2124420800519CA4 /* Map  */,
				C5E6BE2721242E9300519CA4 /* Create Post */,
				C5ED0782211D016E00BFB42C /* On boarding */,
				C5C02DDF2118A65800CC60FA /* Setting */,
				C5C02DDA2118A47700CC60FA /* Tab Bar */,
			);
			path = Module;
			sourceTree = "<group>";
		};
		C5C02DD82118A2B000CC60FA /* Resources */ = {
			isa = PBXGroup;
			children = (
				C5ED0785211D095000BFB42C /* Carousel Libraries */,
				C5ED0778211CC52A00BFB42C /* Constants */,
				C5C02E002118B87400CC60FA /* ProgressHUD */,
				C5C02DF92118B63200CC60FA /* Extensions */,
				C5C02DEB2118A98F00CC60FA /* IBDesignables */,
				C5C02DE22118A6D100CC60FA /* App Utility */,
			);
			path = Resources;
			sourceTree = "<group>";
		};
		C5C02DD92118A2BC00CC60FA /* Storyboard */ = {
			isa = PBXGroup;
			children = (
				C5C02DA72118A27600CC60FA /* Main.storyboard */,
				C5D9D73F2123F6600009AF65 /* Chat.storyboard */,
				C5807B6D2124A66B002AB7F3 /* Feed.storyboard */,
				C534290321268FE600D9405C /* Market.storyboard */,
				C53429072126967200D9405C /* Payment.storyboard */,
			);
			path = Storyboard;
			sourceTree = "<group>";
		};
		C5C02DDA2118A47700CC60FA /* Tab Bar */ = {
			isa = PBXGroup;
			children = (
				C5C02DF52118B56A00CC60FA /* HNMainTabViewController.swift */,
				C5C02E0B2118C88C00CC60FA /* Feed Controller */,
				C5C02E0F2118C8B700CC60FA /* Poll Controller */,
				C5C02E102118C95900CC60FA /* MarketPlace Controller */,
				C5C02E122118C97100CC60FA /* Messaging Controller */,
				C5C02E112118C96700CC60FA /* Me Controller */,
			);
			path = "Tab Bar";
			sourceTree = "<group>";
		};
		C5C02DDF2118A65800CC60FA /* Setting */ = {
			isa = PBXGroup;
			children = (
				C5342905212691D600D9405C /* HNSettingViewController.swift */,
			);
			path = Setting;
			sourceTree = "<group>";
		};
		C5C02DE22118A6D100CC60FA /* App Utility */ = {
			isa = PBXGroup;
			children = (
				C5C02DF12118B52700CC60FA /* HNAppStoryboard.swift */,
				C5C02DF32118B53400CC60FA /* HNUtility.swift */,
				C5ED079F2120697700BFB42C /* HNUserDefaultManager.swift */,
			);
			path = "App Utility";
			sourceTree = "<group>";
		};
		C5C02DEB2118A98F00CC60FA /* IBDesignables */ = {
			isa = PBXGroup;
			children = (
				C5C02DEF2118B4F100CC60FA /* HNDesignableUIImage.swift */,
				C5ED0771211CB3B300BFB42C /* HNDesignableButton.swift */,
				C5ED0780211CFAD900BFB42C /* HNDesignableTF.swift */,
				C5ED079D211D3BBA00BFB42C /* HNDesignableView.swift */,
			);
			path = IBDesignables;
			sourceTree = "<group>";
		};
		C5C02DF92118B63200CC60FA /* Extensions */ = {
			isa = PBXGroup;
			children = (
				C5C02E252118CE3E00CC60FA /* StringExtension.swift */,
				C5C02E272118CF9500CC60FA /* ViewControllerExtension.swift */,
			);
			path = Extensions;
			sourceTree = "<group>";
		};
		C5C02E002118B87400CC60FA /* ProgressHUD */ = {
			isa = PBXGroup;
			children = (
				C5C02E022118B8AE00CC60FA /* MBProgressHUD.h */,
				C5C02E032118B8AF00CC60FA /* MBProgressHUD.m */,
			);
			path = ProgressHUD;
			sourceTree = "<group>";
		};
		C5C02E052118BE1100CC60FA /* Network Requests */ = {
			isa = PBXGroup;
			children = (
				C5C02E072118C7D300CC60FA /* Reachability */,
				C5C02E062118BEC100CC60FA /* Managers */,
			);
			path = "Network Requests";
			sourceTree = "<group>";
		};
		C5C02E062118BEC100CC60FA /* Managers */ = {
			isa = PBXGroup;
			children = (
				C5D9D7342123ECD80009AF65 /* FBManager.swift */,
			);
			path = Managers;
			sourceTree = "<group>";
		};
		C5C02E072118C7D300CC60FA /* Reachability */ = {
			isa = PBXGroup;
			children = (
				C5C02E082118C7EC00CC60FA /* Reachability.h */,
				C5C02E092118C7EC00CC60FA /* Reachability.m */,
			);
			path = Reachability;
			sourceTree = "<group>";
		};
		C5C02E0B2118C88C00CC60FA /* Feed Controller */ = {
			isa = PBXGroup;
			children = (
				C5C02E1B2118CA7F00CC60FA /* HNFeedViewController.swift */,
			);
			path = "Feed Controller";
			sourceTree = "<group>";
		};
		C5C02E0F2118C8B700CC60FA /* Poll Controller */ = {
			isa = PBXGroup;
			children = (
				C5C02E1D2118CA9D00CC60FA /* HNPollViewController.swift */,
			);
			path = "Poll Controller";
			sourceTree = "<group>";
		};
		C5C02E102118C95900CC60FA /* MarketPlace Controller */ = {
			isa = PBXGroup;
			children = (
				C5C02E1F2118CAB600CC60FA /* HNMarketPlaceViewController.swift */,
			);
			path = "MarketPlace Controller";
			sourceTree = "<group>";
		};
		C5C02E112118C96700CC60FA /* Me Controller */ = {
			isa = PBXGroup;
			children = (
				C5C02E232118CADB00CC60FA /* HNMeViewController.swift */,
			);
			path = "Me Controller";
			sourceTree = "<group>";
		};
		C5C02E122118C97100CC60FA /* Messaging Controller */ = {
			isa = PBXGroup;
			children = (
				C5C02E212118CACA00CC60FA /* HNMessagingViewController.swift */,
			);
			path = "Messaging Controller";
			sourceTree = "<group>";
		};
		C5E6BE2721242E9300519CA4 /* Create Post */ = {
			isa = PBXGroup;
			children = (
				C5E6BE2A2124307C00519CA4 /* HNCreatePostViewController.swift */,
			);
			path = "Create Post";
			sourceTree = "<group>";
		};
		C5E6BE2C2124420800519CA4 /* Map  */ = {
			isa = PBXGroup;
			children = (
				C5E6BE2D2124421700519CA4 /* HNMapViewController.swift */,
			);
			path = "Map ";
			sourceTree = "<group>";
		};
		C5E6BE302124584C00519CA4 /* Notification */ = {
			isa = PBXGroup;
			children = (
				C5E6BE312124586000519CA4 /* HNNotificationViewController.swift */,
			);
			path = Notification;
			sourceTree = "<group>";
		};
		C5E6BE33212458D500519CA4 /* Notification Cell */ = {
			isa = PBXGroup;
			children = (
				C5E6BE34212458F100519CA4 /* NotificationTableViewCell.swift */,
				C5E6BE35212458F100519CA4 /* NotificationTableViewCell.xib */,
			);
			path = "Notification Cell";
			sourceTree = "<group>";
		};
		C5ED0764211CAC3C00BFB42C /* Feed Cell */ = {
			isa = PBXGroup;
			children = (
				C5ED076A211CAC6100BFB42C /* News */,
				C5ED0765211CAC4A00BFB42C /* Post */,
			);
			path = "Feed Cell";
			sourceTree = "<group>";
		};
		C5ED0765211CAC4A00BFB42C /* Post */ = {
			isa = PBXGroup;
			children = (
				C5ED0766211CAC5C00BFB42C /* PostTableViewCell.swift */,
				C5ED0767211CAC5C00BFB42C /* PostTableViewCell.xib */,
			);
			path = Post;
			sourceTree = "<group>";
		};
		C5ED076A211CAC6100BFB42C /* News */ = {
			isa = PBXGroup;
			children = (
				C5ED076B211CAC7500BFB42C /* NewsTableViewCell.swift */,
				C5ED076C211CAC7500BFB42C /* NewsTableViewCell.xib */,
			);
			path = News;
			sourceTree = "<group>";
		};
		C5ED0773211CBFA600BFB42C /* Message Cell */ = {
			isa = PBXGroup;
			children = (
				C5ED0774211CBFBE00BFB42C /* MessageTableViewCell.swift */,
				C5ED0775211CBFBE00BFB42C /* MessageTableViewCell.xib */,
			);
			path = "Message Cell";
			sourceTree = "<group>";
		};
		C5ED0778211CC52A00BFB42C /* Constants */ = {
			isa = PBXGroup;
			children = (
				C5C02DFE2118B74600CC60FA /* HNConstants.swift */,
				C5ED0779211CC58000BFB42C /* CellManager.swift */,
			);
			path = Constants;
			sourceTree = "<group>";
		};
		C5ED077B211CF87700BFB42C /* Poll Cell */ = {
			isa = PBXGroup;
			children = (
				C5ED077C211CF88D00BFB42C /* PollTableViewCell.swift */,
				C5ED077D211CF88D00BFB42C /* PollTableViewCell.xib */,
			);
			path = "Poll Cell";
			sourceTree = "<group>";
		};
		C5ED0782211D016E00BFB42C /* On boarding */ = {
			isa = PBXGroup;
			children = (
				C5ED0783211D018600BFB42C /* HNOnboardingViewController.swift */,
			);
			path = "On boarding";
			sourceTree = "<group>";
		};
		C5ED0785211D095000BFB42C /* Carousel Libraries */ = {
			isa = PBXGroup;
			children = (
				C5ED0786211D097100BFB42C /* iCarousel.h */,
				C5ED0787211D097100BFB42C /* iCarousel.m */,
			);
			path = "Carousel Libraries";
			sourceTree = "<group>";
		};
		CB0CF00D3698042AE89C9928 /* Frameworks */ = {
			isa = PBXGroup;
			children = (
				8127EA82161B0E8BBB25C94C /* Pods_Halanx.framework */,
				713204E72456C4C051E4F379 /* Pods_HalanxTests.framework */,
				77BA8BE7D16584F586D7C16E /* Pods_HalanxUITests.framework */,
			);
			name = Frameworks;
			sourceTree = "<group>";
		};
		E00B659D4AA5420F7F2986AF /* Pods */ = {
			isa = PBXGroup;
			children = (
				5F93C02A472707DB7C11EFEC /* Pods-Halanx.debug.xcconfig */,
				B5D75AFF2E6FEF5559726804 /* Pods-Halanx.release.xcconfig */,
				21887E8D9235B3E570028D3D /* Pods-HalanxTests.debug.xcconfig */,
				121757CFFA6D141051C7345A /* Pods-HalanxTests.release.xcconfig */,
				54182CE617A07489CEB87A48 /* Pods-HalanxUITests.debug.xcconfig */,
				AF7C78907F9F6A79EE272E8A /* Pods-HalanxUITests.release.xcconfig */,
			);
			name = Pods;
			sourceTree = "<group>";
		};
/* End PBXGroup section */

/* Begin PBXNativeTarget section */
		C5C02D9F2118A27600CC60FA /* Halanx */ = {
			isa = PBXNativeTarget;
			buildConfigurationList = C5C02DCB2118A27700CC60FA /* Build configuration list for PBXNativeTarget "Halanx" */;
			buildPhases = (
				9BB1A31DC8727BEAC917B7A1 /* [CP] Check Pods Manifest.lock */,
				C5C02D9C2118A27600CC60FA /* Sources */,
				C5C02D9D2118A27600CC60FA /* Frameworks */,
				C5C02D9E2118A27600CC60FA /* Resources */,
				0918EFEDA9B2F543B6B6C128 /* [CP] Embed Pods Frameworks */,
				55218C10A7753BBD335DF423 /* [CP] Copy Pods Resources */,
			);
			buildRules = (
			);
			dependencies = (
			);
			name = Halanx;
			productName = Halanx;
			productReference = C5C02DA02118A27600CC60FA /* Halanx.app */;
			productType = "com.apple.product-type.application";
		};
		C5C02DB62118A27700CC60FA /* HalanxTests */ = {
			isa = PBXNativeTarget;
			buildConfigurationList = C5C02DCE2118A27700CC60FA /* Build configuration list for PBXNativeTarget "HalanxTests" */;
			buildPhases = (
				780EE51167AC40F6B3E4608A /* [CP] Check Pods Manifest.lock */,
				C5C02DB32118A27700CC60FA /* Sources */,
				C5C02DB42118A27700CC60FA /* Frameworks */,
				C5C02DB52118A27700CC60FA /* Resources */,
			);
			buildRules = (
			);
			dependencies = (
				C5C02DB92118A27700CC60FA /* PBXTargetDependency */,
			);
			name = HalanxTests;
			productName = HalanxTests;
			productReference = C5C02DB72118A27700CC60FA /* HalanxTests.xctest */;
			productType = "com.apple.product-type.bundle.unit-test";
		};
		C5C02DC12118A27700CC60FA /* HalanxUITests */ = {
			isa = PBXNativeTarget;
			buildConfigurationList = C5C02DD12118A27700CC60FA /* Build configuration list for PBXNativeTarget "HalanxUITests" */;
			buildPhases = (
				947540FBBE694355C1766682 /* [CP] Check Pods Manifest.lock */,
				C5C02DBE2118A27700CC60FA /* Sources */,
				C5C02DBF2118A27700CC60FA /* Frameworks */,
				C5C02DC02118A27700CC60FA /* Resources */,
			);
			buildRules = (
			);
			dependencies = (
				C5C02DC42118A27700CC60FA /* PBXTargetDependency */,
			);
			name = HalanxUITests;
			productName = HalanxUITests;
			productReference = C5C02DC22118A27700CC60FA /* HalanxUITests.xctest */;
			productType = "com.apple.product-type.bundle.ui-testing";
		};
/* End PBXNativeTarget section */

/* Begin PBXProject section */
		C5C02D982118A27600CC60FA /* Project object */ = {
			isa = PBXProject;
			attributes = {
				LastSwiftUpdateCheck = 0940;
				LastUpgradeCheck = 0940;
				ORGANIZATIONNAME = "Shubham Arora";
				TargetAttributes = {
					C5C02D9F2118A27600CC60FA = {
						CreatedOnToolsVersion = 9.4.1;
						LastSwiftMigration = 0940;
					};
					C5C02DB62118A27700CC60FA = {
						CreatedOnToolsVersion = 9.4.1;
						TestTargetID = C5C02D9F2118A27600CC60FA;
					};
					C5C02DC12118A27700CC60FA = {
						CreatedOnToolsVersion = 9.4.1;
						TestTargetID = C5C02D9F2118A27600CC60FA;
					};
				};
			};
			buildConfigurationList = C5C02D9B2118A27600CC60FA /* Build configuration list for PBXProject "Halanx" */;
			compatibilityVersion = "Xcode 9.3";
			developmentRegion = en;
			hasScannedForEncodings = 0;
			knownRegions = (
				en,
				Base,
			);
			mainGroup = C5C02D972118A27600CC60FA;
			productRefGroup = C5C02DA12118A27600CC60FA /* Products */;
			projectDirPath = "";
			projectRoot = "";
			targets = (
				C5C02D9F2118A27600CC60FA /* Halanx */,
				C5C02DB62118A27700CC60FA /* HalanxTests */,
				C5C02DC12118A27700CC60FA /* HalanxUITests */,
			);
		};
/* End PBXProject section */

/* Begin PBXResourcesBuildPhase section */
		C5C02D9E2118A27600CC60FA /* Resources */ = {
			isa = PBXResourcesBuildPhase;
			buildActionMask = 2147483647;
			files = (
				C5807B6E2124A66B002AB7F3 /* Feed.storyboard in Resources */,
				C5B5E5F8212CCA5C006318FA /* UserInfoTableViewCell.xib in Resources */,
				C5C02DB12118A27700CC60FA /* LaunchScreen.storyboard in Resources */,
				C5ED0777211CBFBE00BFB42C /* MessageTableViewCell.xib in Resources */,
				C507363C21260F70003886DD /* MarketTableViewCell.xib in Resources */,
				C5C02DA92118A27600CC60FA /* Main.storyboard in Resources */,
				C5807B852125E0B4002AB7F3 /* NeighbourTableViewCell.xib in Resources */,
				C53429082126967200D9405C /* Payment.storyboard in Resources */,
				C51445782130412900C0C768 /* OrderVoucherTableViewCell.xib in Resources */,
				C534290421268FE600D9405C /* Market.storyboard in Resources */,
				C50D09502128ED060008846C /* AboutTableViewCell.xib in Resources */,
				C5ED0769211CAC5C00BFB42C /* PostTableViewCell.xib in Resources */,
				C5ED076E211CAC7500BFB42C /* NewsTableViewCell.xib in Resources */,
				C5207BB12131C975000A4736 /* StatementTableViewCell.xib in Resources */,
				C50D09582128F37E0008846C /* VouchersTableViewCell.xib in Resources */,
				C5807B772124AA83002AB7F3 /* InterestCollectionViewCell.xib in Resources */,
				C507364121260FDC003886DD /* MarketCollectionViewCell.xib in Resources */,
				C51190312128036D009BDEA0 /* ViewAllCollectionViewCell.xib in Resources */,
				C5450EEA2131BC86007E59C0 /* CommentTableViewCell.xib in Resources */,
				C5B5E5FD212CDB27006318FA /* PeopleLikeTableViewCell.xib in Resources */,
				C5D9D7402123F6600009AF65 /* Chat.storyboard in Resources */,
				C50D09542128F1B50008846C /* AddressTableViewCell.xib in Resources */,
				C57576BF212C8184009ED826 /* PhotoCollectionViewCell.xib in Resources */,
				C5ED077F211CF88D00BFB42C /* PollTableViewCell.xib in Resources */,
				C57576C4212C86E3009ED826 /* PhotoTableViewCell.xib in Resources */,
				C5B5E605212CF76E006318FA /* Assets.xcassets in Resources */,
				C5E6BE37212458F100519CA4 /* NotificationTableViewCell.xib in Resources */,
			);
			runOnlyForDeploymentPostprocessing = 0;
		};
		C5C02DB52118A27700CC60FA /* Resources */ = {
			isa = PBXResourcesBuildPhase;
			buildActionMask = 2147483647;
			files = (
			);
			runOnlyForDeploymentPostprocessing = 0;
		};
		C5C02DC02118A27700CC60FA /* Resources */ = {
			isa = PBXResourcesBuildPhase;
			buildActionMask = 2147483647;
			files = (
			);
			runOnlyForDeploymentPostprocessing = 0;
		};
/* End PBXResourcesBuildPhase section */

/* Begin PBXShellScriptBuildPhase section */
		0918EFEDA9B2F543B6B6C128 /* [CP] Embed Pods Frameworks */ = {
			isa = PBXShellScriptBuildPhase;
			buildActionMask = 2147483647;
			files = (
			);
			inputPaths = (
				"${SRCROOT}/Pods/Target Support Files/Pods-Halanx/Pods-Halanx-frameworks.sh",
				"${BUILT_PRODUCTS_DIR}/Alamofire/Alamofire.framework",
				"${BUILT_PRODUCTS_DIR}/Bolts/Bolts.framework",
				"${BUILT_PRODUCTS_DIR}/DLRadioButton/DLRadioButton.framework",
				"${BUILT_PRODUCTS_DIR}/FBSDKCoreKit/FBSDKCoreKit.framework",
				"${BUILT_PRODUCTS_DIR}/FBSDKLoginKit/FBSDKLoginKit.framework",
				"${BUILT_PRODUCTS_DIR}/FBSDKShareKit/FBSDKShareKit.framework",
				"${BUILT_PRODUCTS_DIR}/FLAnimatedImage/FLAnimatedImage.framework",
				"${BUILT_PRODUCTS_DIR}/FacebookCore/FacebookCore.framework",
				"${BUILT_PRODUCTS_DIR}/FacebookLogin/FacebookLogin.framework",
				"${BUILT_PRODUCTS_DIR}/FacebookShare/FacebookShare.framework",
				"${BUILT_PRODUCTS_DIR}/HCSStarRatingView/HCSStarRatingView.framework",
				"${BUILT_PRODUCTS_DIR}/IQKeyboardManagerSwift/IQKeyboardManagerSwift.framework",
				"${BUILT_PRODUCTS_DIR}/RSKGrowingTextView/RSKGrowingTextView.framework",
				"${BUILT_PRODUCTS_DIR}/RSKPlaceholderTextView/RSKPlaceholderTextView.framework",
				"${BUILT_PRODUCTS_DIR}/SDWebImage/SDWebImage.framework",
				"${BUILT_PRODUCTS_DIR}/SkyFloatingLabelTextField/SkyFloatingLabelTextField.framework",
				"${BUILT_PRODUCTS_DIR}/StepSlider/StepSlider.framework",
				"${BUILT_PRODUCTS_DIR}/StretchHeader/StretchHeader.framework",
				"${BUILT_PRODUCTS_DIR}/SwiftyJSON/SwiftyJSON.framework",
			);
			name = "[CP] Embed Pods Frameworks";
			outputPaths = (
				"${TARGET_BUILD_DIR}/${FRAMEWORKS_FOLDER_PATH}/Alamofire.framework",
				"${TARGET_BUILD_DIR}/${FRAMEWORKS_FOLDER_PATH}/Bolts.framework",
				"${TARGET_BUILD_DIR}/${FRAMEWORKS_FOLDER_PATH}/DLRadioButton.framework",
				"${TARGET_BUILD_DIR}/${FRAMEWORKS_FOLDER_PATH}/FBSDKCoreKit.framework",
				"${TARGET_BUILD_DIR}/${FRAMEWORKS_FOLDER_PATH}/FBSDKLoginKit.framework",
				"${TARGET_BUILD_DIR}/${FRAMEWORKS_FOLDER_PATH}/FBSDKShareKit.framework",
				"${TARGET_BUILD_DIR}/${FRAMEWORKS_FOLDER_PATH}/FLAnimatedImage.framework",
				"${TARGET_BUILD_DIR}/${FRAMEWORKS_FOLDER_PATH}/FacebookCore.framework",
				"${TARGET_BUILD_DIR}/${FRAMEWORKS_FOLDER_PATH}/FacebookLogin.framework",
				"${TARGET_BUILD_DIR}/${FRAMEWORKS_FOLDER_PATH}/FacebookShare.framework",
				"${TARGET_BUILD_DIR}/${FRAMEWORKS_FOLDER_PATH}/HCSStarRatingView.framework",
				"${TARGET_BUILD_DIR}/${FRAMEWORKS_FOLDER_PATH}/IQKeyboardManagerSwift.framework",
				"${TARGET_BUILD_DIR}/${FRAMEWORKS_FOLDER_PATH}/RSKGrowingTextView.framework",
				"${TARGET_BUILD_DIR}/${FRAMEWORKS_FOLDER_PATH}/RSKPlaceholderTextView.framework",
				"${TARGET_BUILD_DIR}/${FRAMEWORKS_FOLDER_PATH}/SDWebImage.framework",
				"${TARGET_BUILD_DIR}/${FRAMEWORKS_FOLDER_PATH}/SkyFloatingLabelTextField.framework",
				"${TARGET_BUILD_DIR}/${FRAMEWORKS_FOLDER_PATH}/StepSlider.framework",
				"${TARGET_BUILD_DIR}/${FRAMEWORKS_FOLDER_PATH}/StretchHeader.framework",
				"${TARGET_BUILD_DIR}/${FRAMEWORKS_FOLDER_PATH}/SwiftyJSON.framework",
			);
			runOnlyForDeploymentPostprocessing = 0;
			shellPath = /bin/sh;
			shellScript = "\"${SRCROOT}/Pods/Target Support Files/Pods-Halanx/Pods-Halanx-frameworks.sh\"\n";
			showEnvVarsInLog = 0;
		};
		55218C10A7753BBD335DF423 /* [CP] Copy Pods Resources */ = {
			isa = PBXShellScriptBuildPhase;
			buildActionMask = 2147483647;
			files = (
			);
			inputPaths = (
				"${SRCROOT}/Pods/Target Support Files/Pods-Halanx/Pods-Halanx-resources.sh",
				"${PODS_ROOT}/GoogleMaps/Maps/Frameworks/GoogleMaps.framework/Resources/GoogleMaps.bundle",
				"${PODS_ROOT}/GooglePlaces/Frameworks/GooglePlaces.framework/Resources/GooglePlaces.bundle",
			);
			name = "[CP] Copy Pods Resources";
			outputPaths = (
				"${TARGET_BUILD_DIR}/${UNLOCALIZED_RESOURCES_FOLDER_PATH}/GoogleMaps.bundle",
				"${TARGET_BUILD_DIR}/${UNLOCALIZED_RESOURCES_FOLDER_PATH}/GooglePlaces.bundle",
			);
			runOnlyForDeploymentPostprocessing = 0;
			shellPath = /bin/sh;
			shellScript = "\"${SRCROOT}/Pods/Target Support Files/Pods-Halanx/Pods-Halanx-resources.sh\"\n";
			showEnvVarsInLog = 0;
		};
		780EE51167AC40F6B3E4608A /* [CP] Check Pods Manifest.lock */ = {
			isa = PBXShellScriptBuildPhase;
			buildActionMask = 2147483647;
			files = (
			);
			inputPaths = (
				"${PODS_PODFILE_DIR_PATH}/Podfile.lock",
				"${PODS_ROOT}/Manifest.lock",
			);
			name = "[CP] Check Pods Manifest.lock";
			outputPaths = (
				"$(DERIVED_FILE_DIR)/Pods-HalanxTests-checkManifestLockResult.txt",
			);
			runOnlyForDeploymentPostprocessing = 0;
			shellPath = /bin/sh;
			shellScript = "diff \"${PODS_PODFILE_DIR_PATH}/Podfile.lock\" \"${PODS_ROOT}/Manifest.lock\" > /dev/null\nif [ $? != 0 ] ; then\n    # print error to STDERR\n    echo \"error: The sandbox is not in sync with the Podfile.lock. Run 'pod install' or update your CocoaPods installation.\" >&2\n    exit 1\nfi\n# This output is used by Xcode 'outputs' to avoid re-running this script phase.\necho \"SUCCESS\" > \"${SCRIPT_OUTPUT_FILE_0}\"\n";
			showEnvVarsInLog = 0;
		};
		947540FBBE694355C1766682 /* [CP] Check Pods Manifest.lock */ = {
			isa = PBXShellScriptBuildPhase;
			buildActionMask = 2147483647;
			files = (
			);
			inputPaths = (
				"${PODS_PODFILE_DIR_PATH}/Podfile.lock",
				"${PODS_ROOT}/Manifest.lock",
			);
			name = "[CP] Check Pods Manifest.lock";
			outputPaths = (
				"$(DERIVED_FILE_DIR)/Pods-HalanxUITests-checkManifestLockResult.txt",
			);
			runOnlyForDeploymentPostprocessing = 0;
			shellPath = /bin/sh;
			shellScript = "diff \"${PODS_PODFILE_DIR_PATH}/Podfile.lock\" \"${PODS_ROOT}/Manifest.lock\" > /dev/null\nif [ $? != 0 ] ; then\n    # print error to STDERR\n    echo \"error: The sandbox is not in sync with the Podfile.lock. Run 'pod install' or update your CocoaPods installation.\" >&2\n    exit 1\nfi\n# This output is used by Xcode 'outputs' to avoid re-running this script phase.\necho \"SUCCESS\" > \"${SCRIPT_OUTPUT_FILE_0}\"\n";
			showEnvVarsInLog = 0;
		};
		9BB1A31DC8727BEAC917B7A1 /* [CP] Check Pods Manifest.lock */ = {
			isa = PBXShellScriptBuildPhase;
			buildActionMask = 2147483647;
			files = (
			);
			inputPaths = (
				"${PODS_PODFILE_DIR_PATH}/Podfile.lock",
				"${PODS_ROOT}/Manifest.lock",
			);
			name = "[CP] Check Pods Manifest.lock";
			outputPaths = (
				"$(DERIVED_FILE_DIR)/Pods-Halanx-checkManifestLockResult.txt",
			);
			runOnlyForDeploymentPostprocessing = 0;
			shellPath = /bin/sh;
			shellScript = "diff \"${PODS_PODFILE_DIR_PATH}/Podfile.lock\" \"${PODS_ROOT}/Manifest.lock\" > /dev/null\nif [ $? != 0 ] ; then\n    # print error to STDERR\n    echo \"error: The sandbox is not in sync with the Podfile.lock. Run 'pod install' or update your CocoaPods installation.\" >&2\n    exit 1\nfi\n# This output is used by Xcode 'outputs' to avoid re-running this script phase.\necho \"SUCCESS\" > \"${SCRIPT_OUTPUT_FILE_0}\"\n";
			showEnvVarsInLog = 0;
		};
/* End PBXShellScriptBuildPhase section */

/* Begin PBXSourcesBuildPhase section */
		C5C02D9C2118A27600CC60FA /* Sources */ = {
			isa = PBXSourcesBuildPhase;
			buildActionMask = 2147483647;
			files = (
				C5450EE521316D45007E59C0 /* HNCommentViewController.swift in Sources */,
				C57576C3212C86E3009ED826 /* PhotoTableViewCell.swift in Sources */,
				C57576B4212C6C42009ED826 /* HNCartViewController.swift in Sources */,
				C5C02E202118CAB600CC60FA /* HNMarketPlaceViewController.swift in Sources */,
				C514458321305F2C00C0C768 /* HNOrderViewController.swift in Sources */,
				C5C02DF22118B52700CC60FA /* HNAppStoryboard.swift in Sources */,
				C5ED077E211CF88D00BFB42C /* PollTableViewCell.swift in Sources */,
				C51445772130412900C0C768 /* OrderVoucherTableViewCell.swift in Sources */,
				C507364C21261FF2003886DD /* HeaderTableViewCell.swift in Sources */,
				C5B5E5F7212CCA5C006318FA /* UserInfoTableViewCell.swift in Sources */,
				C54FB62E213C678800286E27 /* AlamofireRequestManager.swift in Sources */,
				C5ED0768211CAC5C00BFB42C /* PostTableViewCell.swift in Sources */,
				C5807B712124A935002AB7F3 /* HNInterestViewController.swift in Sources */,
				C50D095C212915FF0008846C /* ClaimTableViewCell.swift in Sources */,
				C5C02E262118CE3E00CC60FA /* StringExtension.swift in Sources */,
				C5B5E5FC212CDB27006318FA /* PeopleLikeTableViewCell.swift in Sources */,
				C50D09572128F37E0008846C /* VouchersTableViewCell.swift in Sources */,
				C5ED077A211CC58000BFB42C /* CellManager.swift in Sources */,
				C5C02DF62118B56A00CC60FA /* HNMainTabViewController.swift in Sources */,
				C514457A21305CF400C0C768 /* HNHCashViewController.swift in Sources */,
				C54FB636213C6FD300286E27 /* HNLoginWebService.swift in Sources */,
				C5ED0772211CB3B300BFB42C /* HNDesignableButton.swift in Sources */,
				C5C02E282118CF9500CC60FA /* ViewControllerExtension.swift in Sources */,
				C507364F212632A8003886DD /* HNViewAllMarketViewController.swift in Sources */,
				C514458521305F9B00C0C768 /* OrderTableView.swift in Sources */,
				C5144570212F5A8400C0C768 /* SettingShareTableViewCell.swift in Sources */,
				C5450EE221316D0E007E59C0 /* HNRegisterViewController.swift in Sources */,
				C57576B1212C5803009ED826 /* HNClaimViewController.swift in Sources */,
				C5C02DF02118B4F100CC60FA /* HNDesignableUIImage.swift in Sources */,
				C534290B2126DF5100D9405C /* SwitchTableViewCell.swift in Sources */,
				C5C02E1C2118CA7F00CC60FA /* HNFeedViewController.swift in Sources */,
				C5ED0788211D097200BFB42C /* iCarousel.m in Sources */,
				C57576B7212C7335009ED826 /* HNPaymentOptionsViewController.swift in Sources */,
				C5B5E603212CF0E3006318FA /* HNWorkDetailViewController.swift in Sources */,
				C50D094F2128ED060008846C /* AboutTableViewCell.swift in Sources */,
				C5ED076D211CAC7500BFB42C /* NewsTableViewCell.swift in Sources */,
				C5C02DFF2118B74600CC60FA /* HNConstants.swift in Sources */,
				C5807B762124AA83002AB7F3 /* InterestCollectionViewCell.swift in Sources */,
				C54FB630213C67DA00286E27 /* RequestGenerator.swift in Sources */,
				C5D9D7352123ECD80009AF65 /* FBManager.swift in Sources */,
				C5342906212691D600D9405C /* HNSettingViewController.swift in Sources */,
				C57576BA212C7AE1009ED826 /* HNUserProfileViewController.swift in Sources */,
				C550666D2131F1FC0039B76D /* IntroImageCollectionViewCell.swift in Sources */,
				C514457F21305EF700C0C768 /* HNPastOrderViewController.swift in Sources */,
				C5ED07A02120697700BFB42C /* HNUserDefaultManager.swift in Sources */,
				C5C02E1E2118CA9D00CC60FA /* HNPollViewController.swift in Sources */,
				C5ED0784211D018600BFB42C /* HNOnboardingViewController.swift in Sources */,
				C5B5E600212CEDC0006318FA /* HNEducationDetailViewController.swift in Sources */,
				C57576BE212C8184009ED826 /* PhotoCollectionViewCell.swift in Sources */,
				C51190302128036D009BDEA0 /* ViewAllCollectionViewCell.swift in Sources */,
				C5C02DF42118B53400CC60FA /* HNUtility.swift in Sources */,
				C5E6BE2E2124421700519CA4 /* HNMapViewController.swift in Sources */,
				C5ED0776211CBFBE00BFB42C /* MessageTableViewCell.swift in Sources */,
				C5E6BE36212458F100519CA4 /* NotificationTableViewCell.swift in Sources */,
				C50D09532128F1B50008846C /* AddressTableViewCell.swift in Sources */,
				C5C02E222118CACA00CC60FA /* HNMessagingViewController.swift in Sources */,
				C5C02DA42118A27600CC60FA /* AppDelegate.swift in Sources */,
				C5207BB02131C975000A4736 /* StatementTableViewCell.swift in Sources */,
				C5C02E242118CADB00CC60FA /* HNMeViewController.swift in Sources */,
				C5C02E042118B8AF00CC60FA /* MBProgressHUD.m in Sources */,
				C507364021260FDC003886DD /* MarketCollectionViewCell.swift in Sources */,
				C5ED0781211CFAD900BFB42C /* HNDesignableTF.swift in Sources */,
				C5ED079E211D3BBA00BFB42C /* HNDesignableView.swift in Sources */,
				C5ED078A211D0F0A00BFB42C /* HNPasswordViewController.swift in Sources */,
				C5119038212825F4009BDEA0 /* HNMarketDetailViewController.swift in Sources */,
				C5807B802125DD7C002AB7F3 /* HNEditProfileViewController.swift in Sources */,
				C507363B21260F70003886DD /* MarketTableViewCell.swift in Sources */,
				C5C02E0A2118C7EC00CC60FA /* Reachability.m in Sources */,
				C5E6BE322124586000519CA4 /* HNNotificationViewController.swift in Sources */,
				C5E6BE2B2124307C00519CA4 /* HNCreatePostViewController.swift in Sources */,
				C5807B842125E0B4002AB7F3 /* NeighbourTableViewCell.swift in Sources */,
				C5807B7A2124BAD8002AB7F3 /* HNNeighbourViewController.swift in Sources */,
				C5450EE92131BC86007E59C0 /* CommentTableViewCell.swift in Sources */,
				C514458121305F1100C0C768 /* HNOnGoingOrderViewController.swift in Sources */,
				C5C02DF82118B58D00CC60FA /* HNLoginViewController.swift in Sources */,
			);
			runOnlyForDeploymentPostprocessing = 0;
		};
		C5C02DB32118A27700CC60FA /* Sources */ = {
			isa = PBXSourcesBuildPhase;
			buildActionMask = 2147483647;
			files = (
				C5C02DBC2118A27700CC60FA /* HalanxTests.swift in Sources */,
			);
			runOnlyForDeploymentPostprocessing = 0;
		};
		C5C02DBE2118A27700CC60FA /* Sources */ = {
			isa = PBXSourcesBuildPhase;
			buildActionMask = 2147483647;
			files = (
				C5C02DC72118A27700CC60FA /* HalanxUITests.swift in Sources */,
			);
			runOnlyForDeploymentPostprocessing = 0;
		};
/* End PBXSourcesBuildPhase section */

/* Begin PBXTargetDependency section */
		C5C02DB92118A27700CC60FA /* PBXTargetDependency */ = {
			isa = PBXTargetDependency;
			target = C5C02D9F2118A27600CC60FA /* Halanx */;
			targetProxy = C5C02DB82118A27700CC60FA /* PBXContainerItemProxy */;
		};
		C5C02DC42118A27700CC60FA /* PBXTargetDependency */ = {
			isa = PBXTargetDependency;
			target = C5C02D9F2118A27600CC60FA /* Halanx */;
			targetProxy = C5C02DC32118A27700CC60FA /* PBXContainerItemProxy */;
		};
/* End PBXTargetDependency section */

/* Begin PBXVariantGroup section */
		C5C02DA72118A27600CC60FA /* Main.storyboard */ = {
			isa = PBXVariantGroup;
			children = (
				C5C02DA82118A27600CC60FA /* Base */,
			);
			name = Main.storyboard;
			sourceTree = "<group>";
		};
		C5C02DAF2118A27700CC60FA /* LaunchScreen.storyboard */ = {
			isa = PBXVariantGroup;
			children = (
				C5C02DB02118A27700CC60FA /* Base */,
			);
			name = LaunchScreen.storyboard;
			sourceTree = "<group>";
		};
/* End PBXVariantGroup section */

/* Begin XCBuildConfiguration section */
		C5C02DC92118A27700CC60FA /* Debug */ = {
			isa = XCBuildConfiguration;
			buildSettings = {
				ALWAYS_SEARCH_USER_PATHS = NO;
				CLANG_ANALYZER_NONNULL = YES;
				CLANG_ANALYZER_NUMBER_OBJECT_CONVERSION = YES_AGGRESSIVE;
				CLANG_CXX_LANGUAGE_STANDARD = "gnu++14";
				CLANG_CXX_LIBRARY = "libc++";
				CLANG_ENABLE_MODULES = YES;
				CLANG_ENABLE_OBJC_ARC = YES;
				CLANG_ENABLE_OBJC_WEAK = YES;
				CLANG_WARN_BLOCK_CAPTURE_AUTORELEASING = YES;
				CLANG_WARN_BOOL_CONVERSION = YES;
				CLANG_WARN_COMMA = YES;
				CLANG_WARN_CONSTANT_CONVERSION = YES;
				CLANG_WARN_DEPRECATED_OBJC_IMPLEMENTATIONS = YES;
				CLANG_WARN_DIRECT_OBJC_ISA_USAGE = YES_ERROR;
				CLANG_WARN_DOCUMENTATION_COMMENTS = YES;
				CLANG_WARN_EMPTY_BODY = YES;
				CLANG_WARN_ENUM_CONVERSION = YES;
				CLANG_WARN_INFINITE_RECURSION = YES;
				CLANG_WARN_INT_CONVERSION = YES;
				CLANG_WARN_NON_LITERAL_NULL_CONVERSION = YES;
				CLANG_WARN_OBJC_IMPLICIT_RETAIN_SELF = YES;
				CLANG_WARN_OBJC_LITERAL_CONVERSION = YES;
				CLANG_WARN_OBJC_ROOT_CLASS = YES_ERROR;
				CLANG_WARN_RANGE_LOOP_ANALYSIS = YES;
				CLANG_WARN_STRICT_PROTOTYPES = YES;
				CLANG_WARN_SUSPICIOUS_MOVE = YES;
				CLANG_WARN_UNGUARDED_AVAILABILITY = YES_AGGRESSIVE;
				CLANG_WARN_UNREACHABLE_CODE = YES;
				CLANG_WARN__DUPLICATE_METHOD_MATCH = YES;
				CODE_SIGN_IDENTITY = "iPhone Developer";
				COPY_PHASE_STRIP = NO;
				DEBUG_INFORMATION_FORMAT = dwarf;
				ENABLE_STRICT_OBJC_MSGSEND = YES;
				ENABLE_TESTABILITY = YES;
				GCC_C_LANGUAGE_STANDARD = gnu11;
				GCC_DYNAMIC_NO_PIC = NO;
				GCC_NO_COMMON_BLOCKS = YES;
				GCC_OPTIMIZATION_LEVEL = 0;
				GCC_PREPROCESSOR_DEFINITIONS = (
					"DEBUG=1",
					"$(inherited)",
				);
				GCC_WARN_64_TO_32_BIT_CONVERSION = YES;
				GCC_WARN_ABOUT_RETURN_TYPE = YES_ERROR;
				GCC_WARN_UNDECLARED_SELECTOR = YES;
				GCC_WARN_UNINITIALIZED_AUTOS = YES_AGGRESSIVE;
				GCC_WARN_UNUSED_FUNCTION = YES;
				GCC_WARN_UNUSED_VARIABLE = YES;
				IPHONEOS_DEPLOYMENT_TARGET = 11.4;
				MTL_ENABLE_DEBUG_INFO = YES;
				ONLY_ACTIVE_ARCH = YES;
				SDKROOT = iphoneos;
				SWIFT_ACTIVE_COMPILATION_CONDITIONS = DEBUG;
				SWIFT_OPTIMIZATION_LEVEL = "-Onone";
			};
			name = Debug;
		};
		C5C02DCA2118A27700CC60FA /* Release */ = {
			isa = XCBuildConfiguration;
			buildSettings = {
				ALWAYS_SEARCH_USER_PATHS = NO;
				CLANG_ANALYZER_NONNULL = YES;
				CLANG_ANALYZER_NUMBER_OBJECT_CONVERSION = YES_AGGRESSIVE;
				CLANG_CXX_LANGUAGE_STANDARD = "gnu++14";
				CLANG_CXX_LIBRARY = "libc++";
				CLANG_ENABLE_MODULES = YES;
				CLANG_ENABLE_OBJC_ARC = YES;
				CLANG_ENABLE_OBJC_WEAK = YES;
				CLANG_WARN_BLOCK_CAPTURE_AUTORELEASING = YES;
				CLANG_WARN_BOOL_CONVERSION = YES;
				CLANG_WARN_COMMA = YES;
				CLANG_WARN_CONSTANT_CONVERSION = YES;
				CLANG_WARN_DEPRECATED_OBJC_IMPLEMENTATIONS = YES;
				CLANG_WARN_DIRECT_OBJC_ISA_USAGE = YES_ERROR;
				CLANG_WARN_DOCUMENTATION_COMMENTS = YES;
				CLANG_WARN_EMPTY_BODY = YES;
				CLANG_WARN_ENUM_CONVERSION = YES;
				CLANG_WARN_INFINITE_RECURSION = YES;
				CLANG_WARN_INT_CONVERSION = YES;
				CLANG_WARN_NON_LITERAL_NULL_CONVERSION = YES;
				CLANG_WARN_OBJC_IMPLICIT_RETAIN_SELF = YES;
				CLANG_WARN_OBJC_LITERAL_CONVERSION = YES;
				CLANG_WARN_OBJC_ROOT_CLASS = YES_ERROR;
				CLANG_WARN_RANGE_LOOP_ANALYSIS = YES;
				CLANG_WARN_STRICT_PROTOTYPES = YES;
				CLANG_WARN_SUSPICIOUS_MOVE = YES;
				CLANG_WARN_UNGUARDED_AVAILABILITY = YES_AGGRESSIVE;
				CLANG_WARN_UNREACHABLE_CODE = YES;
				CLANG_WARN__DUPLICATE_METHOD_MATCH = YES;
				CODE_SIGN_IDENTITY = "iPhone Developer";
				COPY_PHASE_STRIP = NO;
				DEBUG_INFORMATION_FORMAT = "dwarf-with-dsym";
				ENABLE_NS_ASSERTIONS = NO;
				ENABLE_STRICT_OBJC_MSGSEND = YES;
				GCC_C_LANGUAGE_STANDARD = gnu11;
				GCC_NO_COMMON_BLOCKS = YES;
				GCC_WARN_64_TO_32_BIT_CONVERSION = YES;
				GCC_WARN_ABOUT_RETURN_TYPE = YES_ERROR;
				GCC_WARN_UNDECLARED_SELECTOR = YES;
				GCC_WARN_UNINITIALIZED_AUTOS = YES_AGGRESSIVE;
				GCC_WARN_UNUSED_FUNCTION = YES;
				GCC_WARN_UNUSED_VARIABLE = YES;
				IPHONEOS_DEPLOYMENT_TARGET = 11.4;
				MTL_ENABLE_DEBUG_INFO = NO;
				SDKROOT = iphoneos;
				SWIFT_COMPILATION_MODE = wholemodule;
				SWIFT_OPTIMIZATION_LEVEL = "-O";
				VALIDATE_PRODUCT = YES;
			};
			name = Release;
		};
		C5C02DCC2118A27700CC60FA /* Debug */ = {
			isa = XCBuildConfiguration;
			baseConfigurationReference = 5F93C02A472707DB7C11EFEC /* Pods-Halanx.debug.xcconfig */;
			buildSettings = {
				ASSETCATALOG_COMPILER_APPICON_NAME = AppIcon;
				CLANG_ENABLE_MODULES = YES;
				CODE_SIGN_STYLE = Automatic;
				DEVELOPMENT_TEAM = 9GRXL9WZX9;
				INFOPLIST_FILE = Halanx/Info.plist;
				LD_RUNPATH_SEARCH_PATHS = (
					"$(inherited)",
					"@executable_path/Frameworks",
				);
				PRODUCT_BUNDLE_IDENTIFIER = com.halanx.Halanx;
				PRODUCT_NAME = "$(TARGET_NAME)";
				SWIFT_OBJC_BRIDGING_HEADER = "$(SRCROOT)/Halanx/Halanx-Bridging-Header.h";
				SWIFT_OPTIMIZATION_LEVEL = "-Onone";
				SWIFT_VERSION = 4.0;
				TARGETED_DEVICE_FAMILY = "1,2";
			};
			name = Debug;
		};
		C5C02DCD2118A27700CC60FA /* Release */ = {
			isa = XCBuildConfiguration;
			baseConfigurationReference = B5D75AFF2E6FEF5559726804 /* Pods-Halanx.release.xcconfig */;
			buildSettings = {
				ASSETCATALOG_COMPILER_APPICON_NAME = AppIcon;
				CLANG_ENABLE_MODULES = YES;
				CODE_SIGN_STYLE = Automatic;
				DEVELOPMENT_TEAM = 9GRXL9WZX9;
				INFOPLIST_FILE = Halanx/Info.plist;
				LD_RUNPATH_SEARCH_PATHS = (
					"$(inherited)",
					"@executable_path/Frameworks",
				);
				PRODUCT_BUNDLE_IDENTIFIER = com.halanx.Halanx;
				PRODUCT_NAME = "$(TARGET_NAME)";
				SWIFT_OBJC_BRIDGING_HEADER = "$(SRCROOT)/Halanx/Halanx-Bridging-Header.h";
				SWIFT_VERSION = 4.0;
				TARGETED_DEVICE_FAMILY = "1,2";
			};
			name = Release;
		};
		C5C02DCF2118A27700CC60FA /* Debug */ = {
			isa = XCBuildConfiguration;
			baseConfigurationReference = 21887E8D9235B3E570028D3D /* Pods-HalanxTests.debug.xcconfig */;
			buildSettings = {
				ALWAYS_EMBED_SWIFT_STANDARD_LIBRARIES = YES;
				BUNDLE_LOADER = "$(TEST_HOST)";
				CODE_SIGN_STYLE = Automatic;
				DEVELOPMENT_TEAM = 3KRLXP623S;
				INFOPLIST_FILE = HalanxTests/Info.plist;
				LD_RUNPATH_SEARCH_PATHS = (
					"$(inherited)",
					"@executable_path/Frameworks",
					"@loader_path/Frameworks",
				);
				PRODUCT_BUNDLE_IDENTIFIER = com.halanx.HalanxTests;
				PRODUCT_NAME = "$(TARGET_NAME)";
				SWIFT_VERSION = 4.0;
				TARGETED_DEVICE_FAMILY = "1,2";
				TEST_HOST = "$(BUILT_PRODUCTS_DIR)/Halanx.app/Halanx";
			};
			name = Debug;
		};
		C5C02DD02118A27700CC60FA /* Release */ = {
			isa = XCBuildConfiguration;
			baseConfigurationReference = 121757CFFA6D141051C7345A /* Pods-HalanxTests.release.xcconfig */;
			buildSettings = {
				ALWAYS_EMBED_SWIFT_STANDARD_LIBRARIES = YES;
				BUNDLE_LOADER = "$(TEST_HOST)";
				CODE_SIGN_STYLE = Automatic;
				DEVELOPMENT_TEAM = 3KRLXP623S;
				INFOPLIST_FILE = HalanxTests/Info.plist;
				LD_RUNPATH_SEARCH_PATHS = (
					"$(inherited)",
					"@executable_path/Frameworks",
					"@loader_path/Frameworks",
				);
				PRODUCT_BUNDLE_IDENTIFIER = com.halanx.HalanxTests;
				PRODUCT_NAME = "$(TARGET_NAME)";
				SWIFT_VERSION = 4.0;
				TARGETED_DEVICE_FAMILY = "1,2";
				TEST_HOST = "$(BUILT_PRODUCTS_DIR)/Halanx.app/Halanx";
			};
			name = Release;
		};
		C5C02DD22118A27700CC60FA /* Debug */ = {
			isa = XCBuildConfiguration;
			baseConfigurationReference = 54182CE617A07489CEB87A48 /* Pods-HalanxUITests.debug.xcconfig */;
			buildSettings = {
				ALWAYS_EMBED_SWIFT_STANDARD_LIBRARIES = YES;
				CODE_SIGN_STYLE = Automatic;
				DEVELOPMENT_TEAM = 3KRLXP623S;
				INFOPLIST_FILE = HalanxUITests/Info.plist;
				LD_RUNPATH_SEARCH_PATHS = (
					"$(inherited)",
					"@executable_path/Frameworks",
					"@loader_path/Frameworks",
				);
				PRODUCT_BUNDLE_IDENTIFIER = com.halanx.HalanxUITests;
				PRODUCT_NAME = "$(TARGET_NAME)";
				SWIFT_VERSION = 4.0;
				TARGETED_DEVICE_FAMILY = "1,2";
				TEST_TARGET_NAME = Halanx;
			};
			name = Debug;
		};
		C5C02DD32118A27700CC60FA /* Release */ = {
			isa = XCBuildConfiguration;
			baseConfigurationReference = AF7C78907F9F6A79EE272E8A /* Pods-HalanxUITests.release.xcconfig */;
			buildSettings = {
				ALWAYS_EMBED_SWIFT_STANDARD_LIBRARIES = YES;
				CODE_SIGN_STYLE = Automatic;
				DEVELOPMENT_TEAM = 3KRLXP623S;
				INFOPLIST_FILE = HalanxUITests/Info.plist;
				LD_RUNPATH_SEARCH_PATHS = (
					"$(inherited)",
					"@executable_path/Frameworks",
					"@loader_path/Frameworks",
				);
				PRODUCT_BUNDLE_IDENTIFIER = com.halanx.HalanxUITests;
				PRODUCT_NAME = "$(TARGET_NAME)";
				SWIFT_VERSION = 4.0;
				TARGETED_DEVICE_FAMILY = "1,2";
				TEST_TARGET_NAME = Halanx;
			};
			name = Release;
		};
/* End XCBuildConfiguration section */

/* Begin XCConfigurationList section */
		C5C02D9B2118A27600CC60FA /* Build configuration list for PBXProject "Halanx" */ = {
			isa = XCConfigurationList;
			buildConfigurations = (
				C5C02DC92118A27700CC60FA /* Debug */,
				C5C02DCA2118A27700CC60FA /* Release */,
			);
			defaultConfigurationIsVisible = 0;
			defaultConfigurationName = Release;
		};
		C5C02DCB2118A27700CC60FA /* Build configuration list for PBXNativeTarget "Halanx" */ = {
			isa = XCConfigurationList;
			buildConfigurations = (
				C5C02DCC2118A27700CC60FA /* Debug */,
				C5C02DCD2118A27700CC60FA /* Release */,
			);
			defaultConfigurationIsVisible = 0;
			defaultConfigurationName = Release;
		};
		C5C02DCE2118A27700CC60FA /* Build configuration list for PBXNativeTarget "HalanxTests" */ = {
			isa = XCConfigurationList;
			buildConfigurations = (
				C5C02DCF2118A27700CC60FA /* Debug */,
				C5C02DD02118A27700CC60FA /* Release */,
			);
			defaultConfigurationIsVisible = 0;
			defaultConfigurationName = Release;
		};
		C5C02DD12118A27700CC60FA /* Build configuration list for PBXNativeTarget "HalanxUITests" */ = {
			isa = XCConfigurationList;
			buildConfigurations = (
				C5C02DD22118A27700CC60FA /* Debug */,
				C5C02DD32118A27700CC60FA /* Release */,
			);
			defaultConfigurationIsVisible = 0;
			defaultConfigurationName = Release;
		};
/* End XCConfigurationList section */
	};
	rootObject = C5C02D982118A27600CC60FA /* Project object */;
}
